
Microsoft Visual Studio Solution File, Format Version 12.00
# Visual Studio 15
VisualStudioVersion = 15.0.26430.14
MinimumVisualStudioVersion = 10.0.40219.1
Project("{FAE04EC0-301F-11D3-BF4B-00C04F79EFBC}") = "HttpClientApp.Android", "HttpClientApp\HttpClientApp.Android\HttpClientApp.Android.csproj", "{E686796B-6829-49AA-9411-92DEA572368B}"
EndProject
Project("{FAE04EC0-301F-11D3-BF4B-00C04F79EFBC}") = "HttpClientApp", "HttpClientApp\HttpClientApp\HttpClientApp.csproj", "{984343EC-AB7F-493E-9859-4C1B2DC95835}"
EndProject
Project("{FAE04EC0-301F-11D3-BF4B-00C04F79EFBC}") = "HttpClientApp.UWP", "HttpClientApp\HttpClientApp.UWP\HttpClientApp.UWP.csproj", "{243A39D3-4539-416F-B46B-9241FD7E92AB}"
EndProject
Project("{FAE04EC0-301F-11D3-BF4B-00C04F79EFBC}") = "HttpClientApp.iOS", "HttpClientApp\HttpClientApp.iOS\HttpClientApp.iOS.csproj", "{3DB560FD-3478-43C3-98A1-EE128706BD44}"
EndProject
Project("{FAE04EC0-301F-11D3-BF4B-00C04F79EFBC}") = "WebServicesDemo", "WebServicesDemo\WebServicesDemo.csproj", "{8EB57807-A683-4C99-9E5B-F474F690AD2F}"
EndProject
Global
	GlobalSection(SolutionConfigurationPlatforms) = preSolution
		Ad-Hoc|Any CPU = Ad-Hoc|Any CPU
		Ad-Hoc|ARM = Ad-Hoc|ARM
		Ad-Hoc|iPhone = Ad-Hoc|iPhone
		Ad-Hoc|iPhoneSimulator = Ad-Hoc|iPhoneSimulator
		Ad-Hoc|x64 = Ad-Hoc|x64
		Ad-Hoc|x86 = Ad-Hoc|x86
		AppStore|Any CPU = AppStore|Any CPU
		AppStore|ARM = AppStore|ARM
		AppStore|iPhone = AppStore|iPhone
		AppStore|iPhoneSimulator = AppStore|iPhoneSimulator
		AppStore|x64 = AppStore|x64
		AppStore|x86 = AppStore|x86
		Debug|Any CPU = Debug|Any CPU
		Debug|ARM = Debug|ARM
		Debug|iPhone = Debug|iPhone
		Debug|iPhoneSimulator = Debug|iPhoneSimulator
		Debug|x64 = Debug|x64
		Debug|x86 = Debug|x86
		Release|Any CPU = Release|Any CPU
		Release|ARM = Release|ARM
		Release|iPhone = Release|iPhone
		Release|iPhoneSimulator = Release|iPhoneSimulator
		Release|x64 = Release|x64
		Release|x86 = Release|x86
	EndGlobalSection
	GlobalSection(ProjectConfigurationPlatforms) = postSolution
		{E686796B-6829-49AA-9411-92DEA572368B}.Ad-Hoc|Any CPU.ActiveCfg = Release|Any CPU
		{E686796B-6829-49AA-9411-92DEA572368B}.Ad-Hoc|Any CPU.Build.0 = Release|Any CPU
		{E686796B-6829-49AA-9411-92DEA572368B}.Ad-Hoc|Any CPU.Deploy.0 = Release|Any CPU
		{E686796B-6829-49AA-9411-92DEA572368B}.Ad-Hoc|ARM.ActiveCfg = Release|Any CPU
		{E686796B-6829-49AA-9411-92DEA572368B}.Ad-Hoc|ARM.Build.0 = Release|Any CPU
		{E686796B-6829-49AA-9411-92DEA572368B}.Ad-Hoc|ARM.Deploy.0 = Release|Any CPU
		{E686796B-6829-49AA-9411-92DEA572368B}.Ad-Hoc|iPhone.ActiveCfg = Release|Any CPU
		{E686796B-6829-49AA-9411-92DEA572368B}.Ad-Hoc|iPhone.Build.0 = Release|Any CPU
		{E686796B-6829-49AA-9411-92DEA572368B}.Ad-Hoc|iPhone.Deploy.0 = Release|Any CPU
		{E686796B-6829-49AA-9411-92DEA572368B}.Ad-Hoc|iPhoneSimulator.ActiveCfg = Release|Any CPU
		{E686796B-6829-49AA-9411-92DEA572368B}.Ad-Hoc|iPhoneSimulator.Build.0 = Release|Any CPU
		{E686796B-6829-49AA-9411-92DEA572368B}.Ad-Hoc|iPhoneSimulator.Deploy.0 = Release|Any CPU
		{E686796B-6829-49AA-9411-92DEA572368B}.Ad-Hoc|x64.ActiveCfg = Release|Any CPU
		{E686796B-6829-49AA-9411-92DEA572368B}.Ad-Hoc|x64.Build.0 = Release|Any CPU
		{E686796B-6829-49AA-9411-92DEA572368B}.Ad-Hoc|x64.Deploy.0 = Release|Any CPU
		{E686796B-6829-49AA-9411-92DEA572368B}.Ad-Hoc|x86.ActiveCfg = Release|Any CPU
		{E686796B-6829-49AA-9411-92DEA572368B}.Ad-Hoc|x86.Build.0 = Release|Any CPU
		{E686796B-6829-49AA-9411-92DEA572368B}.Ad-Hoc|x86.Deploy.0 = Release|Any CPU
		{E686796B-6829-49AA-9411-92DEA572368B}.AppStore|Any CPU.ActiveCfg = Release|Any CPU
		{E686796B-6829-49AA-9411-92DEA572368B}.AppStore|Any CPU.Build.0 = Release|Any CPU
		{E686796B-6829-49AA-9411-92DEA572368B}.AppStore|Any CPU.Deploy.0 = Release|Any CPU
		{E686796B-6829-49AA-9411-92DEA572368B}.AppStore|ARM.ActiveCfg = Release|Any CPU
		{E686796B-6829-49AA-9411-92DEA572368B}.AppStore|ARM.Build.0 = Release|Any CPU
		{E686796B-6829-49AA-9411-92DEA572368B}.AppStore|ARM.Deploy.0 = Release|Any CPU
		{E686796B-6829-49AA-9411-92DEA572368B}.AppStore|iPhone.ActiveCfg = Release|Any CPU
		{E686796B-6829-49AA-9411-92DEA572368B}.AppStore|iPhone.Build.0 = Release|Any CPU
		{E686796B-6829-49AA-9411-92DEA572368B}.AppStore|iPhone.Deploy.0 = Release|Any CPU
		{E686796B-6829-49AA-9411-92DEA572368B}.AppStore|iPhoneSimulator.ActiveCfg = Release|Any CPU
		{E686796B-6829-49AA-9411-92DEA572368B}.AppStore|iPhoneSimulator.Build.0 = Release|Any CPU
		{E686796B-6829-49AA-9411-92DEA572368B}.AppStore|iPhoneSimulator.Deploy.0 = Release|Any CPU
		{E686796B-6829-49AA-9411-92DEA572368B}.AppStore|x64.ActiveCfg = Release|Any CPU
		{E686796B-6829-49AA-9411-92DEA572368B}.AppStore|x64.Build.0 = Release|Any CPU
		{E686796B-6829-49AA-9411-92DEA572368B}.AppStore|x64.Deploy.0 = Release|Any CPU
		{E686796B-6829-49AA-9411-92DEA572368B}.AppStore|x86.ActiveCfg = Release|Any CPU
		{E686796B-6829-49AA-9411-92DEA572368B}.AppStore|x86.Build.0 = Release|Any CPU
		{E686796B-6829-49AA-9411-92DEA572368B}.AppStore|x86.Deploy.0 = Release|Any CPU
		{E686796B-6829-49AA-9411-92DEA572368B}.Debug|Any CPU.ActiveCfg = Debug|Any CPU
		{E686796B-6829-49AA-9411-92DEA572368B}.Debug|Any CPU.Build.0 = Debug|Any CPU
		{E686796B-6829-49AA-9411-92DEA572368B}.Debug|Any CPU.Deploy.0 = Debug|Any CPU
		{E686796B-6829-49AA-9411-92DEA572368B}.Debug|ARM.ActiveCfg = Debug|Any CPU
		{E686796B-6829-49AA-9411-92DEA572368B}.Debug|ARM.Build.0 = Debug|Any CPU
		{E686796B-6829-49AA-9411-92DEA572368B}.Debug|ARM.Deploy.0 = Debug|Any CPU
		{E686796B-6829-49AA-9411-92DEA572368B}.Debug|iPhone.ActiveCfg = Debug|Any CPU
		{E686796B-6829-49AA-9411-92DEA572368B}.Debug|iPhone.Build.0 = Debug|Any CPU
		{E686796B-6829-49AA-9411-92DEA572368B}.Debug|iPhone.Deploy.0 = Debug|Any CPU
		{E686796B-6829-49AA-9411-92DEA572368B}.Debug|iPhoneSimulator.ActiveCfg = Debug|Any CPU
		{E686796B-6829-49AA-9411-92DEA572368B}.Debug|iPhoneSimulator.Build.0 = Debug|Any CPU
		{E686796B-6829-49AA-9411-92DEA572368B}.Debug|iPhoneSimulator.Deploy.0 = Debug|Any CPU
		{E686796B-6829-49AA-9411-92DEA572368B}.Debug|x64.ActiveCfg = Debug|Any CPU
		{E686796B-6829-49AA-9411-92DEA572368B}.Debug|x64.Build.0 = Debug|Any CPU
		{E686796B-6829-49AA-9411-92DEA572368B}.Debug|x64.Deploy.0 = Debug|Any CPU
		{E686796B-6829-49AA-9411-92DEA572368B}.Debug|x86.ActiveCfg = Debug|Any CPU
		{E686796B-6829-49AA-9411-92DEA572368B}.Debug|x86.Build.0 = Debug|Any CPU
		{E686796B-6829-49AA-9411-92DEA572368B}.Debug|x86.Deploy.0 = Debug|Any CPU
		{E686796B-6829-49AA-9411-92DEA572368B}.Release|Any CPU.ActiveCfg = Release|Any CPU
		{E686796B-6829-49AA-9411-92DEA572368B}.Release|Any CPU.Build.0 = Release|Any CPU
		{E686796B-6829-49AA-9411-92DEA572368B}.Release|Any CPU.Deploy.0 = Release|Any CPU
		{E686796B-6829-49AA-9411-92DEA572368B}.Release|ARM.ActiveCfg = Release|Any CPU
		{E686796B-6829-49AA-9411-92DEA572368B}.Release|ARM.Build.0 = Release|Any CPU
		{E686796B-6829-49AA-9411-92DEA572368B}.Release|ARM.Deploy.0 = Release|Any CPU
		{E686796B-6829-49AA-9411-92DEA572368B}.Release|iPhone.ActiveCfg = Release|Any CPU
		{E686796B-6829-49AA-9411-92DEA572368B}.Release|iPhone.Build.0 = Release|Any CPU
		{E686796B-6829-49AA-9411-92DEA572368B}.Release|iPhone.Deploy.0 = Release|Any CPU
		{E686796B-6829-49AA-9411-92DEA572368B}.Release|iPhoneSimulator.ActiveCfg = Release|Any CPU
		{E686796B-6829-49AA-9411-92DEA572368B}.Release|iPhoneSimulator.Build.0 = Release|Any CPU
		{E686796B-6829-49AA-9411-92DEA572368B}.Release|iPhoneSimulator.Deploy.0 = Release|Any CPU
		{E686796B-6829-49AA-9411-92DEA572368B}.Release|x64.ActiveCfg = Release|Any CPU
		{E686796B-6829-49AA-9411-92DEA572368B}.Release|x64.Build.0 = Release|Any CPU
		{E686796B-6829-49AA-9411-92DEA572368B}.Release|x64.Deploy.0 = Release|Any CPU
		{E686796B-6829-49AA-9411-92DEA572368B}.Release|x86.ActiveCfg = Release|Any CPU
		{E686796B-6829-49AA-9411-92DEA572368B}.Release|x86.Build.0 = Release|Any CPU
		{E686796B-6829-49AA-9411-92DEA572368B}.Release|x86.Deploy.0 = Release|Any CPU
		{984343EC-AB7F-493E-9859-4C1B2DC95835}.Ad-Hoc|Any CPU.ActiveCfg = Release|Any CPU
		{984343EC-AB7F-493E-9859-4C1B2DC95835}.Ad-Hoc|Any CPU.Build.0 = Release|Any CPU
		{984343EC-AB7F-493E-9859-4C1B2DC95835}.Ad-Hoc|ARM.ActiveCfg = Release|Any CPU
		{984343EC-AB7F-493E-9859-4C1B2DC95835}.Ad-Hoc|ARM.Build.0 = Release|Any CPU
		{984343EC-AB7F-493E-9859-4C1B2DC95835}.Ad-Hoc|iPhone.ActiveCfg = Release|Any CPU
		{984343EC-AB7F-493E-9859-4C1B2DC95835}.Ad-Hoc|iPhone.Build.0 = Release|Any CPU
		{984343EC-AB7F-493E-9859-4C1B2DC95835}.Ad-Hoc|iPhoneSimulator.ActiveCfg = Release|Any CPU
		{984343EC-AB7F-493E-9859-4C1B2DC95835}.Ad-Hoc|iPhoneSimulator.Build.0 = Release|Any CPU
		{984343EC-AB7F-493E-9859-4C1B2DC95835}.Ad-Hoc|x64.ActiveCfg = Release|Any CPU
		{984343EC-AB7F-493E-9859-4C1B2DC95835}.Ad-Hoc|x64.Build.0 = Release|Any CPU
		{984343EC-AB7F-493E-9859-4C1B2DC95835}.Ad-Hoc|x86.ActiveCfg = Release|Any CPU
		{984343EC-AB7F-493E-9859-4C1B2DC95835}.Ad-Hoc|x86.Build.0 = Release|Any CPU
		{984343EC-AB7F-493E-9859-4C1B2DC95835}.AppStore|Any CPU.ActiveCfg = Release|Any CPU
		{984343EC-AB7F-493E-9859-4C1B2DC95835}.AppStore|Any CPU.Build.0 = Release|Any CPU
		{984343EC-AB7F-493E-9859-4C1B2DC95835}.AppStore|ARM.ActiveCfg = Release|Any CPU
		{984343EC-AB7F-493E-9859-4C1B2DC95835}.AppStore|ARM.Build.0 = Release|Any CPU
		{984343EC-AB7F-493E-9859-4C1B2DC95835}.AppStore|iPhone.ActiveCfg = Release|Any CPU
		{984343EC-AB7F-493E-9859-4C1B2DC95835}.AppStore|iPhone.Build.0 = Release|Any CPU
		{984343EC-AB7F-493E-9859-4C1B2DC95835}.AppStore|iPhoneSimulator.ActiveCfg = Release|Any CPU
		{984343EC-AB7F-493E-9859-4C1B2DC95835}.AppStore|iPhoneSimulator.Build.0 = Release|Any CPU
		{984343EC-AB7F-493E-9859-4C1B2DC95835}.AppStore|x64.ActiveCfg = Release|Any CPU
		{984343EC-AB7F-493E-9859-4C1B2DC95835}.AppStore|x64.Build.0 = Release|Any CPU
		{984343EC-AB7F-493E-9859-4C1B2DC95835}.AppStore|x86.ActiveCfg = Release|Any CPU
		{984343EC-AB7F-493E-9859-4C1B2DC95835}.AppStore|x86.Build.0 = Release|Any CPU
		{984343EC-AB7F-493E-9859-4C1B2DC95835}.Debug|Any CPU.ActiveCfg = Debug|Any CPU
		{984343EC-AB7F-493E-9859-4C1B2DC95835}.Debug|Any CPU.Build.0 = Debug|Any CPU
		{984343EC-AB7F-493E-9859-4C1B2DC95835}.Debug|ARM.ActiveCfg = Debug|Any CPU
		{984343EC-AB7F-493E-9859-4C1B2DC95835}.Debug|ARM.Build.0 = Debug|Any CPU
		{984343EC-AB7F-493E-9859-4C1B2DC95835}.Debug|iPhone.ActiveCfg = Debug|Any CPU
		{984343EC-AB7F-493E-9859-4C1B2DC95835}.Debug|iPhone.Build.0 = Debug|Any CPU
		{984343EC-AB7F-493E-9859-4C1B2DC95835}.Debug|iPhoneSimulator.ActiveCfg = Debug|Any CPU
		{984343EC-AB7F-493E-9859-4C1B2DC95835}.Debug|iPhoneSimulator.Build.0 = Debug|Any CPU
		{984343EC-AB7F-493E-9859-4C1B2DC95835}.Debug|x64.ActiveCfg = Debug|Any CPU
		{984343EC-AB7F-493E-9859-4C1B2DC95835}.Debug|x64.Build.0 = Debug|Any CPU
		{984343EC-AB7F-493E-9859-4C1B2DC95835}.Debug|x86.ActiveCfg = Debug|Any CPU
		{984343EC-AB7F-493E-9859-4C1B2DC95835}.Debug|x86.Build.0 = Debug|Any CPU
		{984343EC-AB7F-493E-9859-4C1B2DC95835}.Release|Any CPU.ActiveCfg = Release|Any CPU
		{984343EC-AB7F-493E-9859-4C1B2DC95835}.Release|Any CPU.Build.0 = Release|Any CPU
		{984343EC-AB7F-493E-9859-4C1B2DC95835}.Release|ARM.ActiveCfg = Release|Any CPU
		{984343EC-AB7F-493E-9859-4C1B2DC95835}.Release|ARM.Build.0 = Release|Any CPU
		{984343EC-AB7F-493E-9859-4C1B2DC95835}.Release|iPhone.ActiveCfg = Release|Any CPU
		{984343EC-AB7F-493E-9859-4C1B2DC95835}.Release|iPhone.Build.0 = Release|Any CPU
		{984343EC-AB7F-493E-9859-4C1B2DC95835}.Release|iPhoneSimulator.ActiveCfg = Release|Any CPU
		{984343EC-AB7F-493E-9859-4C1B2DC95835}.Release|iPhoneSimulator.Build.0 = Release|Any CPU
		{984343EC-AB7F-493E-9859-4C1B2DC95835}.Release|x64.ActiveCfg = Release|Any CPU
		{984343EC-AB7F-493E-9859-4C1B2DC95835}.Release|x64.Build.0 = Release|Any CPU
		{984343EC-AB7F-493E-9859-4C1B2DC95835}.Release|x86.ActiveCfg = Release|Any CPU
		{984343EC-AB7F-493E-9859-4C1B2DC95835}.Release|x86.Build.0 = Release|Any CPU
		{243A39D3-4539-416F-B46B-9241FD7E92AB}.Ad-Hoc|Any CPU.ActiveCfg = Release|x86
		{243A39D3-4539-416F-B46B-9241FD7E92AB}.Ad-Hoc|Any CPU.Build.0 = Release|x86
		{243A39D3-4539-416F-B46B-9241FD7E92AB}.Ad-Hoc|Any CPU.Deploy.0 = Release|x86
		{243A39D3-4539-416F-B46B-9241FD7E92AB}.Ad-Hoc|ARM.ActiveCfg = Release|ARM
		{243A39D3-4539-416F-B46B-9241FD7E92AB}.Ad-Hoc|ARM.Build.0 = Release|ARM
		{243A39D3-4539-416F-B46B-9241FD7E92AB}.Ad-Hoc|ARM.Deploy.0 = Release|ARM
		{243A39D3-4539-416F-B46B-9241FD7E92AB}.Ad-Hoc|iPhone.ActiveCfg = Release|x86
		{243A39D3-4539-416F-B46B-9241FD7E92AB}.Ad-Hoc|iPhone.Build.0 = Release|x86
		{243A39D3-4539-416F-B46B-9241FD7E92AB}.Ad-Hoc|iPhone.Deploy.0 = Release|x86
		{243A39D3-4539-416F-B46B-9241FD7E92AB}.Ad-Hoc|iPhoneSimulator.ActiveCfg = Release|x86
		{243A39D3-4539-416F-B46B-9241FD7E92AB}.Ad-Hoc|iPhoneSimulator.Build.0 = Release|x86
		{243A39D3-4539-416F-B46B-9241FD7E92AB}.Ad-Hoc|iPhoneSimulator.Deploy.0 = Release|x86
		{243A39D3-4539-416F-B46B-9241FD7E92AB}.Ad-Hoc|x64.ActiveCfg = Release|x64
		{243A39D3-4539-416F-B46B-9241FD7E92AB}.Ad-Hoc|x64.Build.0 = Release|x64
		{243A39D3-4539-416F-B46B-9241FD7E92AB}.Ad-Hoc|x64.Deploy.0 = Release|x64
		{243A39D3-4539-416F-B46B-9241FD7E92AB}.Ad-Hoc|x86.ActiveCfg = Release|x86
		{243A39D3-4539-416F-B46B-9241FD7E92AB}.Ad-Hoc|x86.Build.0 = Release|x86
		{243A39D3-4539-416F-B46B-9241FD7E92AB}.Ad-Hoc|x86.Deploy.0 = Release|x86
		{243A39D3-4539-416F-B46B-9241FD7E92AB}.AppStore|Any CPU.ActiveCfg = Release|x86
		{243A39D3-4539-416F-B46B-9241FD7E92AB}.AppStore|Any CPU.Build.0 = Release|x86
		{243A39D3-4539-416F-B46B-9241FD7E92AB}.AppStore|Any CPU.Deploy.0 = Release|x86
		{243A39D3-4539-416F-B46B-9241FD7E92AB}.AppStore|ARM.ActiveCfg = Release|ARM
		{243A39D3-4539-416F-B46B-9241FD7E92AB}.AppStore|ARM.Build.0 = Release|ARM
		{243A39D3-4539-416F-B46B-9241FD7E92AB}.AppStore|ARM.Deploy.0 = Release|ARM
		{243A39D3-4539-416F-B46B-9241FD7E92AB}.AppStore|iPhone.ActiveCfg = Release|x86
		{243A39D3-4539-416F-B46B-9241FD7E92AB}.AppStore|iPhone.Build.0 = Release|x86
		{243A39D3-4539-416F-B46B-9241FD7E92AB}.AppStore|iPhone.Deploy.0 = Release|x86
		{243A39D3-4539-416F-B46B-9241FD7E92AB}.AppStore|iPhoneSimulator.ActiveCfg = Release|x86
		{243A39D3-4539-416F-B46B-9241FD7E92AB}.AppStore|iPhoneSimulator.Build.0 = Release|x86
		{243A39D3-4539-416F-B46B-9241FD7E92AB}.AppStore|iPhoneSimulator.Deploy.0 = Release|x86
		{243A39D3-4539-416F-B46B-9241FD7E92AB}.AppStore|x64.ActiveCfg = Release|x64
		{243A39D3-4539-416F-B46B-9241FD7E92AB}.AppStore|x64.Build.0 = Release|x64
		{243A39D3-4539-416F-B46B-9241FD7E92AB}.AppStore|x64.Deploy.0 = Release|x64
		{243A39D3-4539-416F-B46B-9241FD7E92AB}.AppStore|x86.ActiveCfg = Release|x86
		{243A39D3-4539-416F-B46B-9241FD7E92AB}.AppStore|x86.Build.0 = Release|x86
		{243A39D3-4539-416F-B46B-9241FD7E92AB}.AppStore|x86.Deploy.0 = Release|x86
		{243A39D3-4539-416F-B46B-9241FD7E92AB}.Debug|Any CPU.ActiveCfg = Debug|x86
		{243A39D3-4539-416F-B46B-9241FD7E92AB}.Debug|ARM.ActiveCfg = Debug|ARM
		{243A39D3-4539-416F-B46B-9241FD7E92AB}.Debug|ARM.Build.0 = Debug|ARM
		{243A39D3-4539-416F-B46B-9241FD7E92AB}.Debug|ARM.Deploy.0 = Debug|ARM
		{243A39D3-4539-416F-B46B-9241FD7E92AB}.Debug|iPhone.ActiveCfg = Debug|x86
		{243A39D3-4539-416F-B46B-9241FD7E92AB}.Debug|iPhoneSimulator.ActiveCfg = Debug|x86
		{243A39D3-4539-416F-B46B-9241FD7E92AB}.Debug|x64.ActiveCfg = Debug|x64
		{243A39D3-4539-416F-B46B-9241FD7E92AB}.Debug|x64.Build.0 = Debug|x64
		{243A39D3-4539-416F-B46B-9241FD7E92AB}.Debug|x64.Deploy.0 = Debug|x64
		{243A39D3-4539-416F-B46B-9241FD7E92AB}.Debug|x86.ActiveCfg = Debug|x86
		{243A39D3-4539-416F-B46B-9241FD7E92AB}.Debug|x86.Build.0 = Debug|x86
		{243A39D3-4539-416F-B46B-9241FD7E92AB}.Debug|x86.Deploy.0 = Debug|x86
		{243A39D3-4539-416F-B46B-9241FD7E92AB}.Release|Any CPU.ActiveCfg = Release|x86
		{243A39D3-4539-416F-B46B-9241FD7E92AB}.Release|ARM.ActiveCfg = Release|ARM
		{243A39D3-4539-416F-B46B-9241FD7E92AB}.Release|ARM.Build.0 = Release|ARM
		{243A39D3-4539-416F-B46B-9241FD7E92AB}.Release|ARM.Deploy.0 = Release|ARM
		{243A39D3-4539-416F-B46B-9241FD7E92AB}.Release|iPhone.ActiveCfg = Release|x86
		{243A39D3-4539-416F-B46B-9241FD7E92AB}.Release|iPhoneSimulator.ActiveCfg = Release|x86
		{243A39D3-4539-416F-B46B-9241FD7E92AB}.Release|x64.ActiveCfg = Release|x64
		{243A39D3-4539-416F-B46B-9241FD7E92AB}.Release|x64.Build.0 = Release|x64
		{243A39D3-4539-416F-B46B-9241FD7E92AB}.Release|x64.Deploy.0 = Release|x64
		{243A39D3-4539-416F-B46B-9241FD7E92AB}.Release|x86.ActiveCfg = Release|x86
		{243A39D3-4539-416F-B46B-9241FD7E92AB}.Release|x86.Build.0 = Release|x86
		{243A39D3-4539-416F-B46B-9241FD7E92AB}.Release|x86.Deploy.0 = Release|x86
		{3DB560FD-3478-43C3-98A1-EE128706BD44}.Ad-Hoc|Any CPU.ActiveCfg = Ad-Hoc|iPhone
		{3DB560FD-3478-43C3-98A1-EE128706BD44}.Ad-Hoc|ARM.ActiveCfg = Ad-Hoc|iPhone
		{3DB560FD-3478-43C3-98A1-EE128706BD44}.Ad-Hoc|iPhone.ActiveCfg = Ad-Hoc|iPhone
		{3DB560FD-3478-43C3-98A1-EE128706BD44}.Ad-Hoc|iPhone.Build.0 = Ad-Hoc|iPhone
		{3DB560FD-3478-43C3-98A1-EE128706BD44}.Ad-Hoc|iPhoneSimulator.ActiveCfg = Ad-Hoc|iPhoneSimulator
		{3DB560FD-3478-43C3-98A1-EE128706BD44}.Ad-Hoc|iPhoneSimulator.Build.0 = Ad-Hoc|iPhoneSimulator
		{3DB560FD-3478-43C3-98A1-EE128706BD44}.Ad-Hoc|x64.ActiveCfg = Ad-Hoc|iPhone
		{3DB560FD-3478-43C3-98A1-EE128706BD44}.Ad-Hoc|x86.ActiveCfg = Ad-Hoc|iPhone
		{3DB560FD-3478-43C3-98A1-EE128706BD44}.AppStore|Any CPU.ActiveCfg = AppStore|iPhone
		{3DB560FD-3478-43C3-98A1-EE128706BD44}.AppStore|ARM.ActiveCfg = AppStore|iPhone
		{3DB560FD-3478-43C3-98A1-EE128706BD44}.AppStore|iPhone.ActiveCfg = AppStore|iPhone
		{3DB560FD-3478-43C3-98A1-EE128706BD44}.AppStore|iPhone.Build.0 = AppStore|iPhone
		{3DB560FD-3478-43C3-98A1-EE128706BD44}.AppStore|iPhoneSimulator.ActiveCfg = AppStore|iPhoneSimulator
		{3DB560FD-3478-43C3-98A1-EE128706BD44}.AppStore|iPhoneSimulator.Build.0 = AppStore|iPhoneSimulator
		{3DB560FD-3478-43C3-98A1-EE128706BD44}.AppStore|x64.ActiveCfg = AppStore|iPhone
		{3DB560FD-3478-43C3-98A1-EE128706BD44}.AppStore|x86.ActiveCfg = AppStore|iPhone
		{3DB560FD-3478-43C3-98A1-EE128706BD44}.Debug|Any CPU.ActiveCfg = Debug|iPhone
		{3DB560FD-3478-43C3-98A1-EE128706BD44}.Debug|ARM.ActiveCfg = Debug|iPhone
		{3DB560FD-3478-43C3-98A1-EE128706BD44}.Debug|iPhone.ActiveCfg = Debug|iPhone
		{3DB560FD-3478-43C3-98A1-EE128706BD44}.Debug|iPhone.Build.0 = Debug|iPhone
		{3DB560FD-3478-43C3-98A1-EE128706BD44}.Debug|iPhoneSimulator.ActiveCfg = Debug|iPhoneSimulator
		{3DB560FD-3478-43C3-98A1-EE128706BD44}.Debug|iPhoneSimulator.Build.0 = Debug|iPhoneSimulator
		{3DB560FD-3478-43C3-98A1-EE128706BD44}.Debug|x64.ActiveCfg = Debug|iPhone
		{3DB560FD-3478-43C3-98A1-EE128706BD44}.Debug|x86.ActiveCfg = Debug|iPhone
		{3DB560FD-3478-43C3-98A1-EE128706BD44}.Release|Any CPU.ActiveCfg = Release|iPhone
		{3DB560FD-3478-43C3-98A1-EE128706BD44}.Release|ARM.ActiveCfg = Release|iPhone
		{3DB560FD-3478-43C3-98A1-EE128706BD44}.Release|iPhone.ActiveCfg = Release|iPhone
		{3DB560FD-3478-43C3-98A1-EE128706BD44}.Release|iPhone.Build.0 = Release|iPhone
		{3DB560FD-3478-43C3-98A1-EE128706BD44}.Release|iPhoneSimulator.ActiveCfg = Release|iPhoneSimulator
		{3DB560FD-3478-43C3-98A1-EE128706BD44}.Release|iPhoneSimulator.Build.0 = Release|iPhoneSimulator
		{3DB560FD-3478-43C3-98A1-EE128706BD44}.Release|x64.ActiveCfg = Release|iPhone
		{3DB560FD-3478-43C3-98A1-EE128706BD44}.Release|x86.ActiveCfg = Release|iPhone
		{8EB57807-A683-4C99-9E5B-F474F690AD2F}.Ad-Hoc|Any CPU.ActiveCfg = Release|Any CPU
		{8EB57807-A683-4C99-9E5B-F474F690AD2F}.Ad-Hoc|Any CPU.Build.0 = Release|Any CPU
		{8EB57807-A683-4C99-9E5B-F474F690AD2F}.Ad-Hoc|ARM.ActiveCfg = Release|Any CPU
		{8EB57807-A683-4C99-9E5B-F474F690AD2F}.Ad-Hoc|ARM.Build.0 = Release|Any CPU
		{8EB57807-A683-4C99-9E5B-F474F690AD2F}.Ad-Hoc|iPhone.ActiveCfg = Release|Any CPU
		{8EB57807-A683-4C99-9E5B-F474F690AD2F}.Ad-Hoc|iPhone.Build.0 = Release|Any CPU
		{8EB57807-A683-4C99-9E5B-F474F690AD2F}.Ad-Hoc|iPhoneSimulator.ActiveCfg = Release|Any CPU
		{8EB57807-A683-4C99-9E5B-F474F690AD2F}.Ad-Hoc|iPhoneSimulator.Build.0 = Release|Any CPU
		{8EB57807-A683-4C99-9E5B-F474F690AD2F}.Ad-Hoc|x64.ActiveCfg = Release|Any CPU
		{8EB57807-A683-4C99-9E5B-F474F690AD2F}.Ad-Hoc|x64.Build.0 = Release|Any CPU
		{8EB57807-A683-4C99-9E5B-F474F690AD2F}.Ad-Hoc|x86.ActiveCfg = Release|Any CPU
		{8EB57807-A683-4C99-9E5B-F474F690AD2F}.Ad-Hoc|x86.Build.0 = Release|Any CPU
		{8EB57807-A683-4C99-9E5B-F474F690AD2F}.AppStore|Any CPU.ActiveCfg = Release|Any CPU
		{8EB57807-A683-4C99-9E5B-F474F690AD2F}.AppStore|Any CPU.Build.0 = Release|Any CPU
		{8EB57807-A683-4C99-9E5B-F474F690AD2F}.AppStore|ARM.ActiveCfg = Release|Any CPU
		{8EB57807-A683-4C99-9E5B-F474F690AD2F}.AppStore|ARM.Build.0 = Release|Any CPU
		{8EB57807-A683-4C99-9E5B-F474F690AD2F}.AppStore|iPhone.ActiveCfg = Release|Any CPU
		{8EB57807-A683-4C99-9E5B-F474F690AD2F}.AppStore|iPhone.Build.0 = Release|Any CPU
		{8EB57807-A683-4C99-9E5B-F474F690AD2F}.AppStore|iPhoneSimulator.ActiveCfg = Release|Any CPU
		{8EB57807-A683-4C99-9E5B-F474F690AD2F}.AppStore|iPhoneSimulator.Build.0 = Release|Any CPU
		{8EB57807-A683-4C99-9E5B-F474F690AD2F}.AppStore|x64.ActiveCfg = Release|Any CPU
		{8EB57807-A683-4C99-9E5B-F474F690AD2F}.AppStore|x64.Build.0 = Release|Any CPU
		{8EB57807-A683-4C99-9E5B-F474F690AD2F}.AppStore|x86.ActiveCfg = Release|Any CPU
		{8EB57807-A683-4C99-9E5B-F474F690AD2F}.AppStore|x86.Build.0 = Release|Any CPU
		{8EB57807-A683-4C99-9E5B-F474F690AD2F}.Debug|Any CPU.ActiveCfg = Debug|Any CPU
		{8EB57807-A683-4C99-9E5B-F474F690AD2F}.Debug|Any CPU.Build.0 = Debug|Any CPU
		{8EB57807-A683-4C99-9E5B-F474F690AD2F}.Debug|ARM.ActiveCfg = Debug|Any CPU
		{8EB57807-A683-4C99-9E5B-F474F690AD2F}.Debug|ARM.Build.0 = Debug|Any CPU
		{8EB57807-A683-4C99-9E5B-F474F690AD2F}.Debug|iPhone.ActiveCfg = Debug|Any CPU
		{8EB57807-A683-4C99-9E5B-F474F690AD2F}.Debug|iPhone.Build.0 = Debug|Any CPU
		{8EB57807-A683-4C99-9E5B-F474F690AD2F}.Debug|iPhoneSimulator.ActiveCfg = Debug|Any CPU
		{8EB57807-A683-4C99-9E5B-F474F690AD2F}.Debug|iPhoneSimulator.Build.0 = Debug|Any CPU
		{8EB57807-A683-4C99-9E5B-F474F690AD2F}.Debug|x64.ActiveCfg = Debug|Any CPU
		{8EB57807-A683-4C99-9E5B-F474F690AD2F}.Debug|x64.Build.0 = Debug|Any CPU
		{8EB57807-A683-4C99-9E5B-F474F690AD2F}.Debug|x86.ActiveCfg = Debug|Any CPU
		{8EB57807-A683-4C99-9E5B-F474F690AD2F}.Debug|x86.Build.0 = Debug|Any CPU
		{8EB57807-A683-4C99-9E5B-F474F690AD2F}.Release|Any CPU.ActiveCfg = Release|Any CPU
		{8EB57807-A683-4C99-9E5B-F474F690AD2F}.Release|Any CPU.Build.0 = Release|Any CPU
		{8EB57807-A683-4C99-9E5B-F474F690AD2F}.Release|ARM.ActiveCfg = Release|Any CPU
		{8EB57807-A683-4C99-9E5B-F474F690AD2F}.Release|ARM.Build.0 = Release|Any CPU
		{8EB57807-A683-4C99-9E5B-F474F690AD2F}.Release|iPhone.ActiveCfg = Release|Any CPU
		{8EB57807-A683-4C99-9E5B-F474F690AD2F}.Release|iPhone.Build.0 = Release|Any CPU
		{8EB57807-A683-4C99-9E5B-F474F690AD2F}.Release|iPhoneSimulator.ActiveCfg = Release|Any CPU
		{8EB57807-A683-4C99-9E5B-F474F690AD2F}.Release|iPhoneSimulator.Build.0 = Release|Any CPU
		{8EB57807-A683-4C99-9E5B-F474F690AD2F}.Release|x64.ActiveCfg = Release|Any CPU
		{8EB57807-A683-4C99-9E5B-F474F690AD2F}.Release|x64.Build.0 = Release|Any CPU
		{8EB57807-A683-4C99-9E5B-F474F690AD2F}.Release|x86.ActiveCfg = Release|Any CPU
		{8EB57807-A683-4C99-9E5B-F474F690AD2F}.Release|x86.Build.0 = Release|Any CPU
	EndGlobalSection
	GlobalSection(SolutionProperties) = preSolution
		HideSolutionNode = FALSE
	EndGlobalSection
EndGlobal
