// !$*UTF8*$!
{
	archiveVersion = 1;
	classes = {
	};
	objectVersion = 48;
	objects = {

/* Begin PBXBuildFile section */
		F508ED98200765D300A9B455 /* OrderViewController.swift in Sources */ = {isa = PBXBuildFile; fileRef = F508ED97200765D300A9B455 /* OrderViewController.swift */; };
		F508ED9A200768F500A9B455 /* ShoplistViewController.swift in Sources */ = {isa = PBXBuildFile; fileRef = F508ED99200768F500A9B455 /* ShoplistViewController.swift */; };
		F51610C41FFE6088002A42BA /* SearchViewController.swift in Sources */ = {isa = PBXBuildFile; fileRef = F51610C31FFE6088002A42BA /* SearchViewController.swift */; };
		F51610C61FFE65D2002A42BA /* CustomError.swift in Sources */ = {isa = PBXBuildFile; fileRef = F51610C51FFE65D2002A42BA /* CustomError.swift */; };
		F51610C81FFE69CC002A42BA /* RecipeViewController.swift in Sources */ = {isa = PBXBuildFile; fileRef = F51610C71FFE69CC002A42BA /* RecipeViewController.swift */; };
		F53F2EBB1FFF7F59001DE4F3 /* RecipeDetailController.swift in Sources */ = {isa = PBXBuildFile; fileRef = F53F2EBA1FFF7F59001DE4F3 /* RecipeDetailController.swift */; };
		F5542B6E2006348F0060EEF2 /* Pods_SimpleMeal.framework in Frameworks */ = {isa = PBXBuildFile; fileRef = 5EAB4C6EF2657519254E05F1 /* Pods_SimpleMeal.framework */; };
		F55483B82004BDE6001649A5 /* VideoPlayer.swift in Sources */ = {isa = PBXBuildFile; fileRef = F55483B72004BDE6001649A5 /* VideoPlayer.swift */; };
		F55483BA2004E9F8001649A5 /* SupermarketListController.swift in Sources */ = {isa = PBXBuildFile; fileRef = F55483B92004E9F8001649A5 /* SupermarketListController.swift */; };
		F55483BC2004ED96001649A5 /* Supermarket.swift in Sources */ = {isa = PBXBuildFile; fileRef = F55483BB2004ED96001649A5 /* Supermarket.swift */; };
		F579DD651FEBDBD2007FFAFC /* HistoryCell.swift in Sources */ = {isa = PBXBuildFile; fileRef = F579DD641FEBDBD2007FFAFC /* HistoryCell.swift */; };
		F580053120061AE8007DB42C /* Images.xcassets in Resources */ = {isa = PBXBuildFile; fileRef = F580053020061AE8007DB42C /* Images.xcassets */; };
		F5B27AE71FEBB54F008F9778 /* Profile.swift in Sources */ = {isa = PBXBuildFile; fileRef = F5B27AE61FEBB54F008F9778 /* Profile.swift */; };
		F5B27AE91FEBB6A0008F9778 /* Recipe.swift in Sources */ = {isa = PBXBuildFile; fileRef = F5B27AE81FEBB6A0008F9778 /* Recipe.swift */; };
		F5B27AEB1FEBB7D7008F9778 /* RecipeProduct.swift in Sources */ = {isa = PBXBuildFile; fileRef = F5B27AEA1FEBB7D7008F9778 /* RecipeProduct.swift */; };
		F5B27AED1FEBB810008F9778 /* Product.swift in Sources */ = {isa = PBXBuildFile; fileRef = F5B27AEC1FEBB810008F9778 /* Product.swift */; };
		F5CA770A1FEA965400EC4A6B /* AppDelegate.swift in Sources */ = {isa = PBXBuildFile; fileRef = F5CA77091FEA965400EC4A6B /* AppDelegate.swift */; };
		F5CA770C1FEA965400EC4A6B /* ViewController.swift in Sources */ = {isa = PBXBuildFile; fileRef = F5CA770B1FEA965400EC4A6B /* ViewController.swift */; };
		F5CA770F1FEA965400EC4A6B /* Main.storyboard in Resources */ = {isa = PBXBuildFile; fileRef = F5CA770D1FEA965400EC4A6B /* Main.storyboard */; };
		F5CA77111FEA965400EC4A6B /* Assets.xcassets in Resources */ = {isa = PBXBuildFile; fileRef = F5CA77101FEA965400EC4A6B /* Assets.xcassets */; };
		F5CA77141FEA965400EC4A6B /* LaunchScreen.storyboard in Resources */ = {isa = PBXBuildFile; fileRef = F5CA77121FEA965400EC4A6B /* LaunchScreen.storyboard */; };
		F5CA771F1FEA965400EC4A6B /* SimpleMealTests.swift in Sources */ = {isa = PBXBuildFile; fileRef = F5CA771E1FEA965400EC4A6B /* SimpleMealTests.swift */; };
		F5CA772A1FEA965400EC4A6B /* SimpleMealUITests.swift in Sources */ = {isa = PBXBuildFile; fileRef = F5CA77291FEA965400EC4A6B /* SimpleMealUITests.swift */; };
/* End PBXBuildFile section */

/* Begin PBXContainerItemProxy section */
		F5CA771B1FEA965400EC4A6B /* PBXContainerItemProxy */ = {
			isa = PBXContainerItemProxy;
			containerPortal = F5CA76FE1FEA965300EC4A6B /* Project object */;
			proxyType = 1;
			remoteGlobalIDString = F5CA77051FEA965300EC4A6B;
			remoteInfo = SimpleMeal;
		};
		F5CA77261FEA965400EC4A6B /* PBXContainerItemProxy */ = {
			isa = PBXContainerItemProxy;
			containerPortal = F5CA76FE1FEA965300EC4A6B /* Project object */;
			proxyType = 1;
			remoteGlobalIDString = F5CA77051FEA965300EC4A6B;
			remoteInfo = SimpleMeal;
		};
/* End PBXContainerItemProxy section */

/* Begin PBXFileReference section */
		0BC379BCD4B435D4B5E21101 /* Pods_SimpleMealUITests.framework */ = {isa = PBXFileReference; explicitFileType = wrapper.framework; includeInIndex = 0; path = Pods_SimpleMealUITests.framework; sourceTree = BUILT_PRODUCTS_DIR; };
		55B98DD5A4B02C55BFEDB6DF /* Pods-SimpleMeal.debug.xcconfig */ = {isa = PBXFileReference; includeInIndex = 1; lastKnownFileType = text.xcconfig; name = "Pods-SimpleMeal.debug.xcconfig"; path = "Pods/Target Support Files/Pods-SimpleMeal/Pods-SimpleMeal.debug.xcconfig"; sourceTree = "<group>"; };
		5EAB4C6EF2657519254E05F1 /* Pods_SimpleMeal.framework */ = {isa = PBXFileReference; explicitFileType = wrapper.framework; includeInIndex = 0; path = Pods_SimpleMeal.framework; sourceTree = BUILT_PRODUCTS_DIR; };
		E0978A8B8BAB8EB23F4D686D /* Pods_SimpleMealTests.framework */ = {isa = PBXFileReference; explicitFileType = wrapper.framework; includeInIndex = 0; path = Pods_SimpleMealTests.framework; sourceTree = BUILT_PRODUCTS_DIR; };
		F292D2F513A15EB6F86AE271 /* Pods-SimpleMeal.release.xcconfig */ = {isa = PBXFileReference; includeInIndex = 1; lastKnownFileType = text.xcconfig; name = "Pods-SimpleMeal.release.xcconfig"; path = "Pods/Target Support Files/Pods-SimpleMeal/Pods-SimpleMeal.release.xcconfig"; sourceTree = "<group>"; };
		F508ED97200765D300A9B455 /* OrderViewController.swift */ = {isa = PBXFileReference; lastKnownFileType = sourcecode.swift; path = OrderViewController.swift; sourceTree = "<group>"; };
		F508ED99200768F500A9B455 /* ShoplistViewController.swift */ = {isa = PBXFileReference; lastKnownFileType = sourcecode.swift; path = ShoplistViewController.swift; sourceTree = "<group>"; };
		F51610C31FFE6088002A42BA /* SearchViewController.swift */ = {isa = PBXFileReference; lastKnownFileType = sourcecode.swift; path = SearchViewController.swift; sourceTree = "<group>"; };
		F51610C51FFE65D2002A42BA /* CustomError.swift */ = {isa = PBXFileReference; lastKnownFileType = sourcecode.swift; path = CustomError.swift; sourceTree = "<group>"; };
		F51610C71FFE69CC002A42BA /* RecipeViewController.swift */ = {isa = PBXFileReference; lastKnownFileType = sourcecode.swift; path = RecipeViewController.swift; sourceTree = "<group>"; };
		F53F2EBA1FFF7F59001DE4F3 /* RecipeDetailController.swift */ = {isa = PBXFileReference; lastKnownFileType = sourcecode.swift; path = RecipeDetailController.swift; sourceTree = "<group>"; };
		F55483B72004BDE6001649A5 /* VideoPlayer.swift */ = {isa = PBXFileReference; lastKnownFileType = sourcecode.swift; path = VideoPlayer.swift; sourceTree = "<group>"; };
		F55483B92004E9F8001649A5 /* SupermarketListController.swift */ = {isa = PBXFileReference; lastKnownFileType = sourcecode.swift; path = SupermarketListController.swift; sourceTree = "<group>"; };
		F55483BB2004ED96001649A5 /* Supermarket.swift */ = {isa = PBXFileReference; lastKnownFileType = sourcecode.swift; path = Supermarket.swift; sourceTree = "<group>"; };
		F579DD641FEBDBD2007FFAFC /* HistoryCell.swift */ = {isa = PBXFileReference; lastKnownFileType = sourcecode.swift; path = HistoryCell.swift; sourceTree = "<group>"; };
		F580053020061AE8007DB42C /* Images.xcassets */ = {isa = PBXFileReference; lastKnownFileType = folder.assetcatalog; path = Images.xcassets; sourceTree = "<group>"; };
		F5B27AE61FEBB54F008F9778 /* Profile.swift */ = {isa = PBXFileReference; lastKnownFileType = sourcecode.swift; path = Profile.swift; sourceTree = "<group>"; };
		F5B27AE81FEBB6A0008F9778 /* Recipe.swift */ = {isa = PBXFileReference; lastKnownFileType = sourcecode.swift; path = Recipe.swift; sourceTree = "<group>"; };
		F5B27AEA1FEBB7D7008F9778 /* RecipeProduct.swift */ = {isa = PBXFileReference; lastKnownFileType = sourcecode.swift; path = RecipeProduct.swift; sourceTree = "<group>"; };
		F5B27AEC1FEBB810008F9778 /* Product.swift */ = {isa = PBXFileReference; lastKnownFileType = sourcecode.swift; path = Product.swift; sourceTree = "<group>"; };
		F5CA77061FEA965300EC4A6B /* SimpleMeal.app */ = {isa = PBXFileReference; explicitFileType = wrapper.application; includeInIndex = 0; path = SimpleMeal.app; sourceTree = BUILT_PRODUCTS_DIR; };
		F5CA77091FEA965400EC4A6B /* AppDelegate.swift */ = {isa = PBXFileReference; lastKnownFileType = sourcecode.swift; path = AppDelegate.swift; sourceTree = "<group>"; };
		F5CA770B1FEA965400EC4A6B /* ViewController.swift */ = {isa = PBXFileReference; lastKnownFileType = sourcecode.swift; path = ViewController.swift; sourceTree = "<group>"; };
		F5CA770E1FEA965400EC4A6B /* Base */ = {isa = PBXFileReference; lastKnownFileType = file.storyboard; name = Base; path = Base.lproj/Main.storyboard; sourceTree = "<group>"; };
		F5CA77101FEA965400EC4A6B /* Assets.xcassets */ = {isa = PBXFileReference; lastKnownFileType = folder.assetcatalog; path = Assets.xcassets; sourceTree = "<group>"; };
		F5CA77131FEA965400EC4A6B /* Base */ = {isa = PBXFileReference; lastKnownFileType = file.storyboard; name = Base; path = Base.lproj/LaunchScreen.storyboard; sourceTree = "<group>"; };
		F5CA77151FEA965400EC4A6B /* Info.plist */ = {isa = PBXFileReference; lastKnownFileType = text.plist.xml; path = Info.plist; sourceTree = "<group>"; };
		F5CA771A1FEA965400EC4A6B /* SimpleMealTests.xctest */ = {isa = PBXFileReference; explicitFileType = wrapper.cfbundle; includeInIndex = 0; path = SimpleMealTests.xctest; sourceTree = BUILT_PRODUCTS_DIR; };
		F5CA771E1FEA965400EC4A6B /* SimpleMealTests.swift */ = {isa = PBXFileReference; lastKnownFileType = sourcecode.swift; path = SimpleMealTests.swift; sourceTree = "<group>"; };
		F5CA77201FEA965400EC4A6B /* Info.plist */ = {isa = PBXFileReference; lastKnownFileType = text.plist.xml; path = Info.plist; sourceTree = "<group>"; };
		F5CA77251FEA965400EC4A6B /* SimpleMealUITests.xctest */ = {isa = PBXFileReference; explicitFileType = wrapper.cfbundle; includeInIndex = 0; path = SimpleMealUITests.xctest; sourceTree = BUILT_PRODUCTS_DIR; };
		F5CA77291FEA965400EC4A6B /* SimpleMealUITests.swift */ = {isa = PBXFileReference; lastKnownFileType = sourcecode.swift; path = SimpleMealUITests.swift; sourceTree = "<group>"; };
		F5CA772B1FEA965400EC4A6B /* Info.plist */ = {isa = PBXFileReference; lastKnownFileType = text.plist.xml; path = Info.plist; sourceTree = "<group>"; };
/* End PBXFileReference section */

/* Begin PBXFrameworksBuildPhase section */
		F5CA77031FEA965300EC4A6B /* Frameworks */ = {
			isa = PBXFrameworksBuildPhase;
			buildActionMask = 2147483647;
			files = (
				F5542B6E2006348F0060EEF2 /* Pods_SimpleMeal.framework in Frameworks */,
			);
			runOnlyForDeploymentPostprocessing = 0;
		};
		F5CA77171FEA965400EC4A6B /* Frameworks */ = {
			isa = PBXFrameworksBuildPhase;
			buildActionMask = 2147483647;
			files = (
			);
			runOnlyForDeploymentPostprocessing = 0;
		};
		F5CA77221FEA965400EC4A6B /* Frameworks */ = {
			isa = PBXFrameworksBuildPhase;
			buildActionMask = 2147483647;
			files = (
			);
			runOnlyForDeploymentPostprocessing = 0;
		};
/* End PBXFrameworksBuildPhase section */

/* Begin PBXGroup section */
		A3A4B1EB2868822F4A4E2D04 /* Frameworks */ = {
			isa = PBXGroup;
			children = (
				5EAB4C6EF2657519254E05F1 /* Pods_SimpleMeal.framework */,
				E0978A8B8BAB8EB23F4D686D /* Pods_SimpleMealTests.framework */,
				0BC379BCD4B435D4B5E21101 /* Pods_SimpleMealUITests.framework */,
			);
			name = Frameworks;
			sourceTree = "<group>";
		};
		D742C8FBFA21C7653576E450 /* Pods */ = {
			isa = PBXGroup;
			children = (
				55B98DD5A4B02C55BFEDB6DF /* Pods-SimpleMeal.debug.xcconfig */,
				F292D2F513A15EB6F86AE271 /* Pods-SimpleMeal.release.xcconfig */,
			);
			name = Pods;
			sourceTree = "<group>";
		};
		F579DD611FEBDB6F007FFAFC /* model */ = {
			isa = PBXGroup;
			children = (
				F5B27AE61FEBB54F008F9778 /* Profile.swift */,
				F5B27AE81FEBB6A0008F9778 /* Recipe.swift */,
				F5B27AEA1FEBB7D7008F9778 /* RecipeProduct.swift */,
				F5B27AEC1FEBB810008F9778 /* Product.swift */,
				F55483BB2004ED96001649A5 /* Supermarket.swift */,
			);
			path = model;
			sourceTree = "<group>";
		};
		F579DD621FEBDB76007FFAFC /* view */ = {
			isa = PBXGroup;
			children = (
				F579DD641FEBDBD2007FFAFC /* HistoryCell.swift */,
			);
			path = view;
			sourceTree = "<group>";
		};
		F579DD631FEBDB7B007FFAFC /* controller */ = {
			isa = PBXGroup;
			children = (
				F51610C31FFE6088002A42BA /* SearchViewController.swift */,
				F51610C71FFE69CC002A42BA /* RecipeViewController.swift */,
				F53F2EBA1FFF7F59001DE4F3 /* RecipeDetailController.swift */,
				F55483B72004BDE6001649A5 /* VideoPlayer.swift */,
				F55483B92004E9F8001649A5 /* SupermarketListController.swift */,
				F508ED97200765D300A9B455 /* OrderViewController.swift */,
				F508ED99200768F500A9B455 /* ShoplistViewController.swift */,
			);
			path = controller;
			sourceTree = "<group>";
		};
		F5CA76FD1FEA965300EC4A6B = {
			isa = PBXGroup;
			children = (
				F5CA77081FEA965300EC4A6B /* SimpleMeal */,
				F5CA771D1FEA965400EC4A6B /* SimpleMealTests */,
				F5CA77281FEA965400EC4A6B /* SimpleMealUITests */,
				F5CA77071FEA965300EC4A6B /* Products */,
				D742C8FBFA21C7653576E450 /* Pods */,
				A3A4B1EB2868822F4A4E2D04 /* Frameworks */,
			);
			sourceTree = "<group>";
		};
		F5CA77071FEA965300EC4A6B /* Products */ = {
			isa = PBXGroup;
			children = (
				F5CA77061FEA965300EC4A6B /* SimpleMeal.app */,
				F5CA771A1FEA965400EC4A6B /* SimpleMealTests.xctest */,
				F5CA77251FEA965400EC4A6B /* SimpleMealUITests.xctest */,
			);
			name = Products;
			sourceTree = "<group>";
		};
		F5CA77081FEA965300EC4A6B /* SimpleMeal */ = {
			isa = PBXGroup;
			children = (
				F579DD631FEBDB7B007FFAFC /* controller */,
				F579DD621FEBDB76007FFAFC /* view */,
				F579DD611FEBDB6F007FFAFC /* model */,
				F5CA77091FEA965400EC4A6B /* AppDelegate.swift */,
				F5CA770B1FEA965400EC4A6B /* ViewController.swift */,
				F5CA77101FEA965400EC4A6B /* Assets.xcassets */,
				F5CA770D1FEA965400EC4A6B /* Main.storyboard */,
				F5CA77121FEA965400EC4A6B /* LaunchScreen.storyboard */,
				F5CA77151FEA965400EC4A6B /* Info.plist */,
				F51610C51FFE65D2002A42BA /* CustomError.swift */,
				F580053020061AE8007DB42C /* Images.xcassets */,
			);
			path = SimpleMeal;
			sourceTree = "<group>";
		};
		F5CA771D1FEA965400EC4A6B /* SimpleMealTests */ = {
			isa = PBXGroup;
			children = (
				F5CA771E1FEA965400EC4A6B /* SimpleMealTests.swift */,
				F5CA77201FEA965400EC4A6B /* Info.plist */,
			);
			path = SimpleMealTests;
			sourceTree = "<group>";
		};
		F5CA77281FEA965400EC4A6B /* SimpleMealUITests */ = {
			isa = PBXGroup;
			children = (
				F5CA77291FEA965400EC4A6B /* SimpleMealUITests.swift */,
				F5CA772B1FEA965400EC4A6B /* Info.plist */,
			);
			path = SimpleMealUITests;
			sourceTree = "<group>";
		};
/* End PBXGroup section */

/* Begin PBXNativeTarget section */
		F5CA77051FEA965300EC4A6B /* SimpleMeal */ = {
			isa = PBXNativeTarget;
			buildConfigurationList = F5CA772E1FEA965400EC4A6B /* Build configuration list for PBXNativeTarget "SimpleMeal" */;
			buildPhases = (
				EEB0B9DB915B3E6E0DCCB989 /* [CP] Check Pods Manifest.lock */,
				F5CA77021FEA965300EC4A6B /* Sources */,
				F5CA77031FEA965300EC4A6B /* Frameworks */,
				F5CA77041FEA965300EC4A6B /* Resources */,
				B899401E4A3400DA2903B4A0 /* [CP] Embed Pods Frameworks */,
				7ECA55F55B733FFE3B52C6F9 /* [CP] Copy Pods Resources */,
			);
			buildRules = (
			);
			dependencies = (
			);
			name = SimpleMeal;
			productName = SimpleMeal;
			productReference = F5CA77061FEA965300EC4A6B /* SimpleMeal.app */;
			productType = "com.apple.product-type.application";
		};
		F5CA77191FEA965400EC4A6B /* SimpleMealTests */ = {
			isa = PBXNativeTarget;
			buildConfigurationList = F5CA77311FEA965400EC4A6B /* Build configuration list for PBXNativeTarget "SimpleMealTests" */;
			buildPhases = (
				F5CA77161FEA965400EC4A6B /* Sources */,
				F5CA77171FEA965400EC4A6B /* Frameworks */,
				F5CA77181FEA965400EC4A6B /* Resources */,
			);
			buildRules = (
			);
			dependencies = (
				F5CA771C1FEA965400EC4A6B /* PBXTargetDependency */,
			);
			name = SimpleMealTests;
			productName = SimpleMealTests;
			productReference = F5CA771A1FEA965400EC4A6B /* SimpleMealTests.xctest */;
			productType = "com.apple.product-type.bundle.unit-test";
		};
		F5CA77241FEA965400EC4A6B /* SimpleMealUITests */ = {
			isa = PBXNativeTarget;
			buildConfigurationList = F5CA77341FEA965400EC4A6B /* Build configuration list for PBXNativeTarget "SimpleMealUITests" */;
			buildPhases = (
				F5CA77211FEA965400EC4A6B /* Sources */,
				F5CA77221FEA965400EC4A6B /* Frameworks */,
				F5CA77231FEA965400EC4A6B /* Resources */,
			);
			buildRules = (
			);
			dependencies = (
				F5CA77271FEA965400EC4A6B /* PBXTargetDependency */,
			);
			name = SimpleMealUITests;
			productName = SimpleMealUITests;
			productReference = F5CA77251FEA965400EC4A6B /* SimpleMealUITests.xctest */;
			productType = "com.apple.product-type.bundle.ui-testing";
		};
/* End PBXNativeTarget section */

/* Begin PBXProject section */
		F5CA76FE1FEA965300EC4A6B /* Project object */ = {
			isa = PBXProject;
			attributes = {
				LastSwiftUpdateCheck = 0920;
				LastUpgradeCheck = 0920;
				ORGANIZATIONNAME = SimpleMeal;
				TargetAttributes = {
					F5CA77051FEA965300EC4A6B = {
						CreatedOnToolsVersion = 9.2;
						ProvisioningStyle = Automatic;
					};
					F5CA77191FEA965400EC4A6B = {
						CreatedOnToolsVersion = 9.2;
						ProvisioningStyle = Automatic;
						TestTargetID = F5CA77051FEA965300EC4A6B;
					};
					F5CA77241FEA965400EC4A6B = {
						CreatedOnToolsVersion = 9.2;
						ProvisioningStyle = Automatic;
						TestTargetID = F5CA77051FEA965300EC4A6B;
					};
				};
			};
			buildConfigurationList = F5CA77011FEA965300EC4A6B /* Build configuration list for PBXProject "SimpleMeal" */;
			compatibilityVersion = "Xcode 8.0";
			developmentRegion = en;
			hasScannedForEncodings = 0;
			knownRegions = (
				en,
				Base,
			);
			mainGroup = F5CA76FD1FEA965300EC4A6B;
			productRefGroup = F5CA77071FEA965300EC4A6B /* Products */;
			projectDirPath = "";
			projectRoot = "";
			targets = (
				F5CA77051FEA965300EC4A6B /* SimpleMeal */,
				F5CA77191FEA965400EC4A6B /* SimpleMealTests */,
				F5CA77241FEA965400EC4A6B /* SimpleMealUITests */,
			);
		};
/* End PBXProject section */

/* Begin PBXResourcesBuildPhase section */
		F5CA77041FEA965300EC4A6B /* Resources */ = {
			isa = PBXResourcesBuildPhase;
			buildActionMask = 2147483647;
			files = (
				F5CA77141FEA965400EC4A6B /* LaunchScreen.storyboard in Resources */,
				F580053120061AE8007DB42C /* Images.xcassets in Resources */,
				F5CA77111FEA965400EC4A6B /* Assets.xcassets in Resources */,
				F5CA770F1FEA965400EC4A6B /* Main.storyboard in Resources */,
			);
			runOnlyForDeploymentPostprocessing = 0;
		};
		F5CA77181FEA965400EC4A6B /* Resources */ = {
			isa = PBXResourcesBuildPhase;
			buildActionMask = 2147483647;
			files = (
			);
			runOnlyForDeploymentPostprocessing = 0;
		};
		F5CA77231FEA965400EC4A6B /* Resources */ = {
			isa = PBXResourcesBuildPhase;
			buildActionMask = 2147483647;
			files = (
			);
			runOnlyForDeploymentPostprocessing = 0;
		};
/* End PBXResourcesBuildPhase section */

/* Begin PBXShellScriptBuildPhase section */
		7ECA55F55B733FFE3B52C6F9 /* [CP] Copy Pods Resources */ = {
			isa = PBXShellScriptBuildPhase;
			buildActionMask = 2147483647;
			files = (
			);
			inputPaths = (
				"${SRCROOT}/Pods/Target Support Files/Pods-SimpleMeal/Pods-SimpleMeal-resources.sh",
				"${PODS_ROOT}/TwitterKit/iOS/TwitterKit.framework/TwitterKitResources.bundle",
				"${PODS_ROOT}/TwitterKit/iOS/TwitterKit.framework/TwitterShareExtensionUIResources.bundle",
			);
			name = "[CP] Copy Pods Resources";
			outputPaths = (
				"${TARGET_BUILD_DIR}/${UNLOCALIZED_RESOURCES_FOLDER_PATH}",
			);
			runOnlyForDeploymentPostprocessing = 0;
			shellPath = /bin/sh;
			shellScript = "\"${SRCROOT}/Pods/Target Support Files/Pods-SimpleMeal/Pods-SimpleMeal-resources.sh\"\n";
			showEnvVarsInLog = 0;
		};
		B899401E4A3400DA2903B4A0 /* [CP] Embed Pods Frameworks */ = {
			isa = PBXShellScriptBuildPhase;
			buildActionMask = 2147483647;
			files = (
			);
			inputPaths = (
				"${SRCROOT}/Pods/Target Support Files/Pods-SimpleMeal/Pods-SimpleMeal-frameworks.sh",
				"${PODS_ROOT}/TwitterCore/iOS/TwitterCore.framework",
				"${PODS_ROOT}/TwitterKit/iOS/TwitterKit.framework",
			);
			name = "[CP] Embed Pods Frameworks";
			outputPaths = (
				"${TARGET_BUILD_DIR}/${FRAMEWORKS_FOLDER_PATH}/TwitterCore.framework",
				"${TARGET_BUILD_DIR}/${FRAMEWORKS_FOLDER_PATH}/TwitterKit.framework",
			);
			runOnlyForDeploymentPostprocessing = 0;
			shellPath = /bin/sh;
			shellScript = "\"${SRCROOT}/Pods/Target Support Files/Pods-SimpleMeal/Pods-SimpleMeal-frameworks.sh\"\n";
			showEnvVarsInLog = 0;
		};
		EEB0B9DB915B3E6E0DCCB989 /* [CP] Check Pods Manifest.lock */ = {
			isa = PBXShellScriptBuildPhase;
			buildActionMask = 2147483647;
			files = (
			);
			inputPaths = (
				"${PODS_PODFILE_DIR_PATH}/Podfile.lock",
				"${PODS_ROOT}/Manifest.lock",
			);
			name = "[CP] Check Pods Manifest.lock";
			outputPaths = (
				"$(DERIVED_FILE_DIR)/Pods-SimpleMeal-checkManifestLockResult.txt",
			);
			runOnlyForDeploymentPostprocessing = 0;
			shellPath = /bin/sh;
			shellScript = "diff \"${PODS_PODFILE_DIR_PATH}/Podfile.lock\" \"${PODS_ROOT}/Manifest.lock\" > /dev/null\nif [ $? != 0 ] ; then\n    # print error to STDERR\n    echo \"error: The sandbox is not in sync with the Podfile.lock. Run 'pod install' or update your CocoaPods installation.\" >&2\n    exit 1\nfi\n# This output is used by Xcode 'outputs' to avoid re-running this script phase.\necho \"SUCCESS\" > \"${SCRIPT_OUTPUT_FILE_0}\"\n";
			showEnvVarsInLog = 0;
		};
/* End PBXShellScriptBuildPhase section */

/* Begin PBXSourcesBuildPhase section */
		F5CA77021FEA965300EC4A6B /* Sources */ = {
			isa = PBXSourcesBuildPhase;
			buildActionMask = 2147483647;
			files = (
				F5B27AEB1FEBB7D7008F9778 /* RecipeProduct.swift in Sources */,
				F579DD651FEBDBD2007FFAFC /* HistoryCell.swift in Sources */,
				F51610C41FFE6088002A42BA /* SearchViewController.swift in Sources */,
				F55483BA2004E9F8001649A5 /* SupermarketListController.swift in Sources */,
				F5CA770C1FEA965400EC4A6B /* ViewController.swift in Sources */,
				F51610C81FFE69CC002A42BA /* RecipeViewController.swift in Sources */,
				F53F2EBB1FFF7F59001DE4F3 /* RecipeDetailController.swift in Sources */,
				F5B27AE71FEBB54F008F9778 /* Profile.swift in Sources */,
				F51610C61FFE65D2002A42BA /* CustomError.swift in Sources */,
				F55483B82004BDE6001649A5 /* VideoPlayer.swift in Sources */,
				F5CA770A1FEA965400EC4A6B /* AppDelegate.swift in Sources */,
				F508ED98200765D300A9B455 /* OrderViewController.swift in Sources */,
				F508ED9A200768F500A9B455 /* ShoplistViewController.swift in Sources */,
				F5B27AE91FEBB6A0008F9778 /* Recipe.swift in Sources */,
				F5B27AED1FEBB810008F9778 /* Product.swift in Sources */,
				F55483BC2004ED96001649A5 /* Supermarket.swift in Sources */,
			);
			runOnlyForDeploymentPostprocessing = 0;
		};
		F5CA77161FEA965400EC4A6B /* Sources */ = {
			isa = PBXSourcesBuildPhase;
			buildActionMask = 2147483647;
			files = (
				F5CA771F1FEA965400EC4A6B /* SimpleMealTests.swift in Sources */,
			);
			runOnlyForDeploymentPostprocessing = 0;
		};
		F5CA77211FEA965400EC4A6B /* Sources */ = {
			isa = PBXSourcesBuildPhase;
			buildActionMask = 2147483647;
			files = (
				F5CA772A1FEA965400EC4A6B /* SimpleMealUITests.swift in Sources */,
			);
			runOnlyForDeploymentPostprocessing = 0;
		};
/* End PBXSourcesBuildPhase section */

/* Begin PBXTargetDependency section */
		F5CA771C1FEA965400EC4A6B /* PBXTargetDependency */ = {
			isa = PBXTargetDependency;
			target = F5CA77051FEA965300EC4A6B /* SimpleMeal */;
			targetProxy = F5CA771B1FEA965400EC4A6B /* PBXContainerItemProxy */;
		};
		F5CA77271FEA965400EC4A6B /* PBXTargetDependency */ = {
			isa = PBXTargetDependency;
			target = F5CA77051FEA965300EC4A6B /* SimpleMeal */;
			targetProxy = F5CA77261FEA965400EC4A6B /* PBXContainerItemProxy */;
		};
/* End PBXTargetDependency section */

/* Begin PBXVariantGroup section */
		F5CA770D1FEA965400EC4A6B /* Main.storyboard */ = {
			isa = PBXVariantGroup;
			children = (
				F5CA770E1FEA965400EC4A6B /* Base */,
			);
			name = Main.storyboard;
			sourceTree = "<group>";
		};
		F5CA77121FEA965400EC4A6B /* LaunchScreen.storyboard */ = {
			isa = PBXVariantGroup;
			children = (
				F5CA77131FEA965400EC4A6B /* Base */,
			);
			name = LaunchScreen.storyboard;
			sourceTree = "<group>";
		};
/* End PBXVariantGroup section */

/* Begin XCBuildConfiguration section */
		F5CA772C1FEA965400EC4A6B /* Debug */ = {
			isa = XCBuildConfiguration;
			buildSettings = {
				ALWAYS_SEARCH_USER_PATHS = NO;
				CLANG_ANALYZER_NONNULL = YES;
				CLANG_ANALYZER_NUMBER_OBJECT_CONVERSION = YES_AGGRESSIVE;
				CLANG_CXX_LANGUAGE_STANDARD = "gnu++14";
				CLANG_CXX_LIBRARY = "libc++";
				CLANG_ENABLE_MODULES = YES;
				CLANG_ENABLE_OBJC_ARC = YES;
				CLANG_WARN_BLOCK_CAPTURE_AUTORELEASING = YES;
				CLANG_WARN_BOOL_CONVERSION = YES;
				CLANG_WARN_COMMA = YES;
				CLANG_WARN_CONSTANT_CONVERSION = YES;
				CLANG_WARN_DIRECT_OBJC_ISA_USAGE = YES_ERROR;
				CLANG_WARN_DOCUMENTATION_COMMENTS = YES;
				CLANG_WARN_EMPTY_BODY = YES;
				CLANG_WARN_ENUM_CONVERSION = YES;
				CLANG_WARN_INFINITE_RECURSION = YES;
				CLANG_WARN_INT_CONVERSION = YES;
				CLANG_WARN_NON_LITERAL_NULL_CONVERSION = YES;
				CLANG_WARN_OBJC_LITERAL_CONVERSION = YES;
				CLANG_WARN_OBJC_ROOT_CLASS = YES_ERROR;
				CLANG_WARN_RANGE_LOOP_ANALYSIS = YES;
				CLANG_WARN_STRICT_PROTOTYPES = YES;
				CLANG_WARN_SUSPICIOUS_MOVE = YES;
				CLANG_WARN_UNGUARDED_AVAILABILITY = YES_AGGRESSIVE;
				CLANG_WARN_UNREACHABLE_CODE = YES;
				CLANG_WARN__DUPLICATE_METHOD_MATCH = YES;
				CODE_SIGN_IDENTITY = "iPhone Developer";
				COPY_PHASE_STRIP = NO;
				DEBUG_INFORMATION_FORMAT = dwarf;
				ENABLE_BITCODE = NO;
				ENABLE_STRICT_OBJC_MSGSEND = YES;
				ENABLE_TESTABILITY = YES;
				GCC_C_LANGUAGE_STANDARD = gnu11;
				GCC_DYNAMIC_NO_PIC = NO;
				GCC_NO_COMMON_BLOCKS = YES;
				GCC_OPTIMIZATION_LEVEL = 0;
				GCC_PREPROCESSOR_DEFINITIONS = (
					"DEBUG=1",
					"$(inherited)",
				);
				GCC_WARN_64_TO_32_BIT_CONVERSION = YES;
				GCC_WARN_ABOUT_RETURN_TYPE = YES_ERROR;
				GCC_WARN_UNDECLARED_SELECTOR = YES;
				GCC_WARN_UNINITIALIZED_AUTOS = YES_AGGRESSIVE;
				GCC_WARN_UNUSED_FUNCTION = YES;
				GCC_WARN_UNUSED_VARIABLE = YES;
				IPHONEOS_DEPLOYMENT_TARGET = 11.2;
				MTL_ENABLE_DEBUG_INFO = YES;
				ONLY_ACTIVE_ARCH = YES;
				SDKROOT = iphoneos;
				SWIFT_ACTIVE_COMPILATION_CONDITIONS = DEBUG;
				SWIFT_OPTIMIZATION_LEVEL = "-Onone";
			};
			name = Debug;
		};
		F5CA772D1FEA965400EC4A6B /* Release */ = {
			isa = XCBuildConfiguration;
			buildSettings = {
				ALWAYS_SEARCH_USER_PATHS = NO;
				CLANG_ANALYZER_NONNULL = YES;
				CLANG_ANALYZER_NUMBER_OBJECT_CONVERSION = YES_AGGRESSIVE;
				CLANG_CXX_LANGUAGE_STANDARD = "gnu++14";
				CLANG_CXX_LIBRARY = "libc++";
				CLANG_ENABLE_MODULES = YES;
				CLANG_ENABLE_OBJC_ARC = YES;
				CLANG_WARN_BLOCK_CAPTURE_AUTORELEASING = YES;
				CLANG_WARN_BOOL_CONVERSION = YES;
				CLANG_WARN_COMMA = YES;
				CLANG_WARN_CONSTANT_CONVERSION = YES;
				CLANG_WARN_DIRECT_OBJC_ISA_USAGE = YES_ERROR;
				CLANG_WARN_DOCUMENTATION_COMMENTS = YES;
				CLANG_WARN_EMPTY_BODY = YES;
				CLANG_WARN_ENUM_CONVERSION = YES;
				CLANG_WARN_INFINITE_RECURSION = YES;
				CLANG_WARN_INT_CONVERSION = YES;
				CLANG_WARN_NON_LITERAL_NULL_CONVERSION = YES;
				CLANG_WARN_OBJC_LITERAL_CONVERSION = YES;
				CLANG_WARN_OBJC_ROOT_CLASS = YES_ERROR;
				CLANG_WARN_RANGE_LOOP_ANALYSIS = YES;
				CLANG_WARN_STRICT_PROTOTYPES = YES;
				CLANG_WARN_SUSPICIOUS_MOVE = YES;
				CLANG_WARN_UNGUARDED_AVAILABILITY = YES_AGGRESSIVE;
				CLANG_WARN_UNREACHABLE_CODE = YES;
				CLANG_WARN__DUPLICATE_METHOD_MATCH = YES;
				CODE_SIGN_IDENTITY = "iPhone Developer";
				COPY_PHASE_STRIP = NO;
				DEBUG_INFORMATION_FORMAT = "dwarf-with-dsym";
				ENABLE_BITCODE = NO;
				ENABLE_NS_ASSERTIONS = NO;
				ENABLE_STRICT_OBJC_MSGSEND = YES;
				GCC_C_LANGUAGE_STANDARD = gnu11;
				GCC_NO_COMMON_BLOCKS = YES;
				GCC_WARN_64_TO_32_BIT_CONVERSION = YES;
				GCC_WARN_ABOUT_RETURN_TYPE = YES_ERROR;
				GCC_WARN_UNDECLARED_SELECTOR = YES;
				GCC_WARN_UNINITIALIZED_AUTOS = YES_AGGRESSIVE;
				GCC_WARN_UNUSED_FUNCTION = YES;
				GCC_WARN_UNUSED_VARIABLE = YES;
				IPHONEOS_DEPLOYMENT_TARGET = 11.2;
				MTL_ENABLE_DEBUG_INFO = NO;
				SDKROOT = iphoneos;
				SWIFT_OPTIMIZATION_LEVEL = "-Owholemodule";
				VALIDATE_PRODUCT = YES;
			};
			name = Release;
		};
		F5CA772F1FEA965400EC4A6B /* Debug */ = {
			isa = XCBuildConfiguration;
			baseConfigurationReference = 55B98DD5A4B02C55BFEDB6DF /* Pods-SimpleMeal.debug.xcconfig */;
			buildSettings = {
				ASSETCATALOG_COMPILER_APPICON_NAME = AppIcon;
				CODE_SIGN_STYLE = Automatic;
				DEVELOPMENT_TEAM = H5DDT55EN4;
				ENABLE_BITCODE = NO;
				INFOPLIST_FILE = SimpleMeal/Info.plist;
				IPHONEOS_DEPLOYMENT_TARGET = 10.0;
				LD_RUNPATH_SEARCH_PATHS = "$(inherited) @executable_path/Frameworks";
				PRODUCT_BUNDLE_IDENTIFIER = SimpleMeal.SimpleMeal;
				PRODUCT_NAME = "$(TARGET_NAME)";
				SWIFT_VERSION = 4.0;
				TARGETED_DEVICE_FAMILY = "1,2";
			};
			name = Debug;
		};
		F5CA77301FEA965400EC4A6B /* Release */ = {
			isa = XCBuildConfiguration;
			baseConfigurationReference = F292D2F513A15EB6F86AE271 /* Pods-SimpleMeal.release.xcconfig */;
			buildSettings = {
				ASSETCATALOG_COMPILER_APPICON_NAME = AppIcon;
				CODE_SIGN_STYLE = Automatic;
				DEVELOPMENT_TEAM = H5DDT55EN4;
				ENABLE_BITCODE = NO;
				INFOPLIST_FILE = SimpleMeal/Info.plist;
				IPHONEOS_DEPLOYMENT_TARGET = 10.0;
				LD_RUNPATH_SEARCH_PATHS = "$(inherited) @executable_path/Frameworks";
				PRODUCT_BUNDLE_IDENTIFIER = SimpleMeal.SimpleMeal;
				PRODUCT_NAME = "$(TARGET_NAME)";
				SWIFT_VERSION = 4.0;
				TARGETED_DEVICE_FAMILY = "1,2";
			};
			name = Release;
		};
		F5CA77321FEA965400EC4A6B /* Debug */ = {
			isa = XCBuildConfiguration;
			buildSettings = {
				ALWAYS_EMBED_SWIFT_STANDARD_LIBRARIES = YES;
				BUNDLE_LOADER = "$(TEST_HOST)";
				CODE_SIGN_STYLE = Automatic;
				DEVELOPMENT_TEAM = H5DDT55EN4;
				INFOPLIST_FILE = SimpleMealTests/Info.plist;
				LD_RUNPATH_SEARCH_PATHS = "$(inherited) @executable_path/Frameworks @loader_path/Frameworks";
				PRODUCT_BUNDLE_IDENTIFIER = SimpleMeal.SimpleMealTests;
				PRODUCT_NAME = "$(TARGET_NAME)";
				SWIFT_VERSION = 4.0;
				TARGETED_DEVICE_FAMILY = "1,2";
				TEST_HOST = "$(BUILT_PRODUCTS_DIR)/SimpleMeal.app/SimpleMeal";
			};
			name = Debug;
		};
		F5CA77331FEA965400EC4A6B /* Release */ = {
			isa = XCBuildConfiguration;
			buildSettings = {
				ALWAYS_EMBED_SWIFT_STANDARD_LIBRARIES = YES;
				BUNDLE_LOADER = "$(TEST_HOST)";
				CODE_SIGN_STYLE = Automatic;
				DEVELOPMENT_TEAM = H5DDT55EN4;
				INFOPLIST_FILE = SimpleMealTests/Info.plist;
				LD_RUNPATH_SEARCH_PATHS = "$(inherited) @executable_path/Frameworks @loader_path/Frameworks";
				PRODUCT_BUNDLE_IDENTIFIER = SimpleMeal.SimpleMealTests;
				PRODUCT_NAME = "$(TARGET_NAME)";
				SWIFT_VERSION = 4.0;
				TARGETED_DEVICE_FAMILY = "1,2";
				TEST_HOST = "$(BUILT_PRODUCTS_DIR)/SimpleMeal.app/SimpleMeal";
			};
			name = Release;
		};
		F5CA77351FEA965400EC4A6B /* Debug */ = {
			isa = XCBuildConfiguration;
			buildSettings = {
				ALWAYS_EMBED_SWIFT_STANDARD_LIBRARIES = YES;
				CODE_SIGN_STYLE = Automatic;
				DEVELOPMENT_TEAM = H5DDT55EN4;
				INFOPLIST_FILE = SimpleMealUITests/Info.plist;
				LD_RUNPATH_SEARCH_PATHS = "$(inherited) @executable_path/Frameworks @loader_path/Frameworks";
				PRODUCT_BUNDLE_IDENTIFIER = SimpleMeal.SimpleMealUITests;
				PRODUCT_NAME = "$(TARGET_NAME)";
				SWIFT_VERSION = 4.0;
				TARGETED_DEVICE_FAMILY = "1,2";
				TEST_TARGET_NAME = SimpleMeal;
			};
			name = Debug;
		};
		F5CA77361FEA965400EC4A6B /* Release */ = {
			isa = XCBuildConfiguration;
			buildSettings = {
				ALWAYS_EMBED_SWIFT_STANDARD_LIBRARIES = YES;
				CODE_SIGN_STYLE = Automatic;
				DEVELOPMENT_TEAM = H5DDT55EN4;
				INFOPLIST_FILE = SimpleMealUITests/Info.plist;
				LD_RUNPATH_SEARCH_PATHS = "$(inherited) @executable_path/Frameworks @loader_path/Frameworks";
				PRODUCT_BUNDLE_IDENTIFIER = SimpleMeal.SimpleMealUITests;
				PRODUCT_NAME = "$(TARGET_NAME)";
				SWIFT_VERSION = 4.0;
				TARGETED_DEVICE_FAMILY = "1,2";
				TEST_TARGET_NAME = SimpleMeal;
			};
			name = Release;
		};
/* End XCBuildConfiguration section */

/* Begin XCConfigurationList section */
		F5CA77011FEA965300EC4A6B /* Build configuration list for PBXProject "SimpleMeal" */ = {
			isa = XCConfigurationList;
			buildConfigurations = (
				F5CA772C1FEA965400EC4A6B /* Debug */,
				F5CA772D1FEA965400EC4A6B /* Release */,
			);
			defaultConfigurationIsVisible = 0;
			defaultConfigurationName = Release;
		};
		F5CA772E1FEA965400EC4A6B /* Build configuration list for PBXNativeTarget "SimpleMeal" */ = {
			isa = XCConfigurationList;
			buildConfigurations = (
				F5CA772F1FEA965400EC4A6B /* Debug */,
				F5CA77301FEA965400EC4A6B /* Release */,
			);
			defaultConfigurationIsVisible = 0;
			defaultConfigurationName = Release;
		};
		F5CA77311FEA965400EC4A6B /* Build configuration list for PBXNativeTarget "SimpleMealTests" */ = {
			isa = XCConfigurationList;
			buildConfigurations = (
				F5CA77321FEA965400EC4A6B /* Debug */,
				F5CA77331FEA965400EC4A6B /* Release */,
			);
			defaultConfigurationIsVisible = 0;
			defaultConfigurationName = Release;
		};
		F5CA77341FEA965400EC4A6B /* Build configuration list for PBXNativeTarget "SimpleMealUITests" */ = {
			isa = XCConfigurationList;
			buildConfigurations = (
				F5CA77351FEA965400EC4A6B /* Debug */,
				F5CA77361FEA965400EC4A6B /* Release */,
			);
			defaultConfigurationIsVisible = 0;
			defaultConfigurationName = Release;
		};
/* End XCConfigurationList section */
	};
	rootObject = F5CA76FE1FEA965300EC4A6B /* Project object */;
}
