
Microsoft Visual Studio Solution File, Format Version 12.00
# Visual Studio 15
VisualStudioVersion = 15.0.26430.14
MinimumVisualStudioVersion = 10.0.40219.1
Project("{FAE04EC0-301F-11D3-BF4B-00C04F79EFBC}") = "CryptoFrontEnd.Android", "CryptoFrontEnd\CryptoFrontEnd.Android\CryptoFrontEnd.Android.csproj", "{D811D276-9329-4474-ADB8-F8523679D995}"
EndProject
Project("{FAE04EC0-301F-11D3-BF4B-00C04F79EFBC}") = "CryptoFrontEnd", "CryptoFrontEnd\CryptoFrontEnd\CryptoFrontEnd.csproj", "{71F943DD-76F4-4DE7-AB75-369F0AC93915}"
EndProject
Project("{FAE04EC0-301F-11D3-BF4B-00C04F79EFBC}") = "CryptoFrontEnd.UWP", "CryptoFrontEnd\CryptoFrontEnd.UWP\CryptoFrontEnd.UWP.csproj", "{7EA690F7-3A10-42E7-99B2-55AB565C81A2}"
EndProject
Project("{FAE04EC0-301F-11D3-BF4B-00C04F79EFBC}") = "CryptoFrontEnd.iOS", "CryptoFrontEnd\CryptoFrontEnd.iOS\CryptoFrontEnd.iOS.csproj", "{A90E0A1A-052B-44F8-BC77-F0F5AB28D236}"
EndProject
Global
	GlobalSection(SolutionConfigurationPlatforms) = preSolution
		Ad-Hoc|Any CPU = Ad-Hoc|Any CPU
		Ad-Hoc|ARM = Ad-Hoc|ARM
		Ad-Hoc|iPhone = Ad-Hoc|iPhone
		Ad-Hoc|iPhoneSimulator = Ad-Hoc|iPhoneSimulator
		Ad-Hoc|x64 = Ad-Hoc|x64
		Ad-Hoc|x86 = Ad-Hoc|x86
		AppStore|Any CPU = AppStore|Any CPU
		AppStore|ARM = AppStore|ARM
		AppStore|iPhone = AppStore|iPhone
		AppStore|iPhoneSimulator = AppStore|iPhoneSimulator
		AppStore|x64 = AppStore|x64
		AppStore|x86 = AppStore|x86
		Debug|Any CPU = Debug|Any CPU
		Debug|ARM = Debug|ARM
		Debug|iPhone = Debug|iPhone
		Debug|iPhoneSimulator = Debug|iPhoneSimulator
		Debug|x64 = Debug|x64
		Debug|x86 = Debug|x86
		Release|Any CPU = Release|Any CPU
		Release|ARM = Release|ARM
		Release|iPhone = Release|iPhone
		Release|iPhoneSimulator = Release|iPhoneSimulator
		Release|x64 = Release|x64
		Release|x86 = Release|x86
	EndGlobalSection
	GlobalSection(ProjectConfigurationPlatforms) = postSolution
		{D811D276-9329-4474-ADB8-F8523679D995}.Ad-Hoc|Any CPU.ActiveCfg = Release|Any CPU
		{D811D276-9329-4474-ADB8-F8523679D995}.Ad-Hoc|Any CPU.Build.0 = Release|Any CPU
		{D811D276-9329-4474-ADB8-F8523679D995}.Ad-Hoc|Any CPU.Deploy.0 = Release|Any CPU
		{D811D276-9329-4474-ADB8-F8523679D995}.Ad-Hoc|ARM.ActiveCfg = Release|Any CPU
		{D811D276-9329-4474-ADB8-F8523679D995}.Ad-Hoc|ARM.Build.0 = Release|Any CPU
		{D811D276-9329-4474-ADB8-F8523679D995}.Ad-Hoc|ARM.Deploy.0 = Release|Any CPU
		{D811D276-9329-4474-ADB8-F8523679D995}.Ad-Hoc|iPhone.ActiveCfg = Release|Any CPU
		{D811D276-9329-4474-ADB8-F8523679D995}.Ad-Hoc|iPhone.Build.0 = Release|Any CPU
		{D811D276-9329-4474-ADB8-F8523679D995}.Ad-Hoc|iPhone.Deploy.0 = Release|Any CPU
		{D811D276-9329-4474-ADB8-F8523679D995}.Ad-Hoc|iPhoneSimulator.ActiveCfg = Release|Any CPU
		{D811D276-9329-4474-ADB8-F8523679D995}.Ad-Hoc|iPhoneSimulator.Build.0 = Release|Any CPU
		{D811D276-9329-4474-ADB8-F8523679D995}.Ad-Hoc|iPhoneSimulator.Deploy.0 = Release|Any CPU
		{D811D276-9329-4474-ADB8-F8523679D995}.Ad-Hoc|x64.ActiveCfg = Release|Any CPU
		{D811D276-9329-4474-ADB8-F8523679D995}.Ad-Hoc|x64.Build.0 = Release|Any CPU
		{D811D276-9329-4474-ADB8-F8523679D995}.Ad-Hoc|x64.Deploy.0 = Release|Any CPU
		{D811D276-9329-4474-ADB8-F8523679D995}.Ad-Hoc|x86.ActiveCfg = Release|Any CPU
		{D811D276-9329-4474-ADB8-F8523679D995}.Ad-Hoc|x86.Build.0 = Release|Any CPU
		{D811D276-9329-4474-ADB8-F8523679D995}.Ad-Hoc|x86.Deploy.0 = Release|Any CPU
		{D811D276-9329-4474-ADB8-F8523679D995}.AppStore|Any CPU.ActiveCfg = Release|Any CPU
		{D811D276-9329-4474-ADB8-F8523679D995}.AppStore|Any CPU.Build.0 = Release|Any CPU
		{D811D276-9329-4474-ADB8-F8523679D995}.AppStore|Any CPU.Deploy.0 = Release|Any CPU
		{D811D276-9329-4474-ADB8-F8523679D995}.AppStore|ARM.ActiveCfg = Release|Any CPU
		{D811D276-9329-4474-ADB8-F8523679D995}.AppStore|ARM.Build.0 = Release|Any CPU
		{D811D276-9329-4474-ADB8-F8523679D995}.AppStore|ARM.Deploy.0 = Release|Any CPU
		{D811D276-9329-4474-ADB8-F8523679D995}.AppStore|iPhone.ActiveCfg = Release|Any CPU
		{D811D276-9329-4474-ADB8-F8523679D995}.AppStore|iPhone.Build.0 = Release|Any CPU
		{D811D276-9329-4474-ADB8-F8523679D995}.AppStore|iPhone.Deploy.0 = Release|Any CPU
		{D811D276-9329-4474-ADB8-F8523679D995}.AppStore|iPhoneSimulator.ActiveCfg = Release|Any CPU
		{D811D276-9329-4474-ADB8-F8523679D995}.AppStore|iPhoneSimulator.Build.0 = Release|Any CPU
		{D811D276-9329-4474-ADB8-F8523679D995}.AppStore|iPhoneSimulator.Deploy.0 = Release|Any CPU
		{D811D276-9329-4474-ADB8-F8523679D995}.AppStore|x64.ActiveCfg = Release|Any CPU
		{D811D276-9329-4474-ADB8-F8523679D995}.AppStore|x64.Build.0 = Release|Any CPU
		{D811D276-9329-4474-ADB8-F8523679D995}.AppStore|x64.Deploy.0 = Release|Any CPU
		{D811D276-9329-4474-ADB8-F8523679D995}.AppStore|x86.ActiveCfg = Release|Any CPU
		{D811D276-9329-4474-ADB8-F8523679D995}.AppStore|x86.Build.0 = Release|Any CPU
		{D811D276-9329-4474-ADB8-F8523679D995}.AppStore|x86.Deploy.0 = Release|Any CPU
		{D811D276-9329-4474-ADB8-F8523679D995}.Debug|Any CPU.ActiveCfg = Debug|Any CPU
		{D811D276-9329-4474-ADB8-F8523679D995}.Debug|Any CPU.Build.0 = Debug|Any CPU
		{D811D276-9329-4474-ADB8-F8523679D995}.Debug|Any CPU.Deploy.0 = Debug|Any CPU
		{D811D276-9329-4474-ADB8-F8523679D995}.Debug|ARM.ActiveCfg = Debug|Any CPU
		{D811D276-9329-4474-ADB8-F8523679D995}.Debug|ARM.Build.0 = Debug|Any CPU
		{D811D276-9329-4474-ADB8-F8523679D995}.Debug|ARM.Deploy.0 = Debug|Any CPU
		{D811D276-9329-4474-ADB8-F8523679D995}.Debug|iPhone.ActiveCfg = Debug|Any CPU
		{D811D276-9329-4474-ADB8-F8523679D995}.Debug|iPhone.Build.0 = Debug|Any CPU
		{D811D276-9329-4474-ADB8-F8523679D995}.Debug|iPhone.Deploy.0 = Debug|Any CPU
		{D811D276-9329-4474-ADB8-F8523679D995}.Debug|iPhoneSimulator.ActiveCfg = Debug|Any CPU
		{D811D276-9329-4474-ADB8-F8523679D995}.Debug|iPhoneSimulator.Build.0 = Debug|Any CPU
		{D811D276-9329-4474-ADB8-F8523679D995}.Debug|iPhoneSimulator.Deploy.0 = Debug|Any CPU
		{D811D276-9329-4474-ADB8-F8523679D995}.Debug|x64.ActiveCfg = Debug|Any CPU
		{D811D276-9329-4474-ADB8-F8523679D995}.Debug|x64.Build.0 = Debug|Any CPU
		{D811D276-9329-4474-ADB8-F8523679D995}.Debug|x64.Deploy.0 = Debug|Any CPU
		{D811D276-9329-4474-ADB8-F8523679D995}.Debug|x86.ActiveCfg = Debug|Any CPU
		{D811D276-9329-4474-ADB8-F8523679D995}.Debug|x86.Build.0 = Debug|Any CPU
		{D811D276-9329-4474-ADB8-F8523679D995}.Debug|x86.Deploy.0 = Debug|Any CPU
		{D811D276-9329-4474-ADB8-F8523679D995}.Release|Any CPU.ActiveCfg = Release|Any CPU
		{D811D276-9329-4474-ADB8-F8523679D995}.Release|Any CPU.Build.0 = Release|Any CPU
		{D811D276-9329-4474-ADB8-F8523679D995}.Release|Any CPU.Deploy.0 = Release|Any CPU
		{D811D276-9329-4474-ADB8-F8523679D995}.Release|ARM.ActiveCfg = Release|Any CPU
		{D811D276-9329-4474-ADB8-F8523679D995}.Release|ARM.Build.0 = Release|Any CPU
		{D811D276-9329-4474-ADB8-F8523679D995}.Release|ARM.Deploy.0 = Release|Any CPU
		{D811D276-9329-4474-ADB8-F8523679D995}.Release|iPhone.ActiveCfg = Release|Any CPU
		{D811D276-9329-4474-ADB8-F8523679D995}.Release|iPhone.Build.0 = Release|Any CPU
		{D811D276-9329-4474-ADB8-F8523679D995}.Release|iPhone.Deploy.0 = Release|Any CPU
		{D811D276-9329-4474-ADB8-F8523679D995}.Release|iPhoneSimulator.ActiveCfg = Release|Any CPU
		{D811D276-9329-4474-ADB8-F8523679D995}.Release|iPhoneSimulator.Build.0 = Release|Any CPU
		{D811D276-9329-4474-ADB8-F8523679D995}.Release|iPhoneSimulator.Deploy.0 = Release|Any CPU
		{D811D276-9329-4474-ADB8-F8523679D995}.Release|x64.ActiveCfg = Release|Any CPU
		{D811D276-9329-4474-ADB8-F8523679D995}.Release|x64.Build.0 = Release|Any CPU
		{D811D276-9329-4474-ADB8-F8523679D995}.Release|x64.Deploy.0 = Release|Any CPU
		{D811D276-9329-4474-ADB8-F8523679D995}.Release|x86.ActiveCfg = Release|Any CPU
		{D811D276-9329-4474-ADB8-F8523679D995}.Release|x86.Build.0 = Release|Any CPU
		{D811D276-9329-4474-ADB8-F8523679D995}.Release|x86.Deploy.0 = Release|Any CPU
		{71F943DD-76F4-4DE7-AB75-369F0AC93915}.Ad-Hoc|Any CPU.ActiveCfg = Release|Any CPU
		{71F943DD-76F4-4DE7-AB75-369F0AC93915}.Ad-Hoc|Any CPU.Build.0 = Release|Any CPU
		{71F943DD-76F4-4DE7-AB75-369F0AC93915}.Ad-Hoc|ARM.ActiveCfg = Release|Any CPU
		{71F943DD-76F4-4DE7-AB75-369F0AC93915}.Ad-Hoc|ARM.Build.0 = Release|Any CPU
		{71F943DD-76F4-4DE7-AB75-369F0AC93915}.Ad-Hoc|iPhone.ActiveCfg = Release|Any CPU
		{71F943DD-76F4-4DE7-AB75-369F0AC93915}.Ad-Hoc|iPhone.Build.0 = Release|Any CPU
		{71F943DD-76F4-4DE7-AB75-369F0AC93915}.Ad-Hoc|iPhoneSimulator.ActiveCfg = Release|Any CPU
		{71F943DD-76F4-4DE7-AB75-369F0AC93915}.Ad-Hoc|iPhoneSimulator.Build.0 = Release|Any CPU
		{71F943DD-76F4-4DE7-AB75-369F0AC93915}.Ad-Hoc|x64.ActiveCfg = Release|Any CPU
		{71F943DD-76F4-4DE7-AB75-369F0AC93915}.Ad-Hoc|x64.Build.0 = Release|Any CPU
		{71F943DD-76F4-4DE7-AB75-369F0AC93915}.Ad-Hoc|x86.ActiveCfg = Release|Any CPU
		{71F943DD-76F4-4DE7-AB75-369F0AC93915}.Ad-Hoc|x86.Build.0 = Release|Any CPU
		{71F943DD-76F4-4DE7-AB75-369F0AC93915}.AppStore|Any CPU.ActiveCfg = Release|Any CPU
		{71F943DD-76F4-4DE7-AB75-369F0AC93915}.AppStore|Any CPU.Build.0 = Release|Any CPU
		{71F943DD-76F4-4DE7-AB75-369F0AC93915}.AppStore|ARM.ActiveCfg = Release|Any CPU
		{71F943DD-76F4-4DE7-AB75-369F0AC93915}.AppStore|ARM.Build.0 = Release|Any CPU
		{71F943DD-76F4-4DE7-AB75-369F0AC93915}.AppStore|iPhone.ActiveCfg = Release|Any CPU
		{71F943DD-76F4-4DE7-AB75-369F0AC93915}.AppStore|iPhone.Build.0 = Release|Any CPU
		{71F943DD-76F4-4DE7-AB75-369F0AC93915}.AppStore|iPhoneSimulator.ActiveCfg = Release|Any CPU
		{71F943DD-76F4-4DE7-AB75-369F0AC93915}.AppStore|iPhoneSimulator.Build.0 = Release|Any CPU
		{71F943DD-76F4-4DE7-AB75-369F0AC93915}.AppStore|x64.ActiveCfg = Release|Any CPU
		{71F943DD-76F4-4DE7-AB75-369F0AC93915}.AppStore|x64.Build.0 = Release|Any CPU
		{71F943DD-76F4-4DE7-AB75-369F0AC93915}.AppStore|x86.ActiveCfg = Release|Any CPU
		{71F943DD-76F4-4DE7-AB75-369F0AC93915}.AppStore|x86.Build.0 = Release|Any CPU
		{71F943DD-76F4-4DE7-AB75-369F0AC93915}.Debug|Any CPU.ActiveCfg = Debug|Any CPU
		{71F943DD-76F4-4DE7-AB75-369F0AC93915}.Debug|Any CPU.Build.0 = Debug|Any CPU
		{71F943DD-76F4-4DE7-AB75-369F0AC93915}.Debug|ARM.ActiveCfg = Debug|Any CPU
		{71F943DD-76F4-4DE7-AB75-369F0AC93915}.Debug|ARM.Build.0 = Debug|Any CPU
		{71F943DD-76F4-4DE7-AB75-369F0AC93915}.Debug|iPhone.ActiveCfg = Debug|Any CPU
		{71F943DD-76F4-4DE7-AB75-369F0AC93915}.Debug|iPhone.Build.0 = Debug|Any CPU
		{71F943DD-76F4-4DE7-AB75-369F0AC93915}.Debug|iPhoneSimulator.ActiveCfg = Debug|Any CPU
		{71F943DD-76F4-4DE7-AB75-369F0AC93915}.Debug|iPhoneSimulator.Build.0 = Debug|Any CPU
		{71F943DD-76F4-4DE7-AB75-369F0AC93915}.Debug|x64.ActiveCfg = Debug|Any CPU
		{71F943DD-76F4-4DE7-AB75-369F0AC93915}.Debug|x64.Build.0 = Debug|Any CPU
		{71F943DD-76F4-4DE7-AB75-369F0AC93915}.Debug|x86.ActiveCfg = Debug|Any CPU
		{71F943DD-76F4-4DE7-AB75-369F0AC93915}.Debug|x86.Build.0 = Debug|Any CPU
		{71F943DD-76F4-4DE7-AB75-369F0AC93915}.Release|Any CPU.ActiveCfg = Release|Any CPU
		{71F943DD-76F4-4DE7-AB75-369F0AC93915}.Release|Any CPU.Build.0 = Release|Any CPU
		{71F943DD-76F4-4DE7-AB75-369F0AC93915}.Release|ARM.ActiveCfg = Release|Any CPU
		{71F943DD-76F4-4DE7-AB75-369F0AC93915}.Release|ARM.Build.0 = Release|Any CPU
		{71F943DD-76F4-4DE7-AB75-369F0AC93915}.Release|iPhone.ActiveCfg = Release|Any CPU
		{71F943DD-76F4-4DE7-AB75-369F0AC93915}.Release|iPhone.Build.0 = Release|Any CPU
		{71F943DD-76F4-4DE7-AB75-369F0AC93915}.Release|iPhoneSimulator.ActiveCfg = Release|Any CPU
		{71F943DD-76F4-4DE7-AB75-369F0AC93915}.Release|iPhoneSimulator.Build.0 = Release|Any CPU
		{71F943DD-76F4-4DE7-AB75-369F0AC93915}.Release|x64.ActiveCfg = Release|Any CPU
		{71F943DD-76F4-4DE7-AB75-369F0AC93915}.Release|x64.Build.0 = Release|Any CPU
		{71F943DD-76F4-4DE7-AB75-369F0AC93915}.Release|x86.ActiveCfg = Release|Any CPU
		{71F943DD-76F4-4DE7-AB75-369F0AC93915}.Release|x86.Build.0 = Release|Any CPU
		{7EA690F7-3A10-42E7-99B2-55AB565C81A2}.Ad-Hoc|Any CPU.ActiveCfg = Release|x86
		{7EA690F7-3A10-42E7-99B2-55AB565C81A2}.Ad-Hoc|Any CPU.Build.0 = Release|x86
		{7EA690F7-3A10-42E7-99B2-55AB565C81A2}.Ad-Hoc|Any CPU.Deploy.0 = Release|x86
		{7EA690F7-3A10-42E7-99B2-55AB565C81A2}.Ad-Hoc|ARM.ActiveCfg = Release|ARM
		{7EA690F7-3A10-42E7-99B2-55AB565C81A2}.Ad-Hoc|ARM.Build.0 = Release|ARM
		{7EA690F7-3A10-42E7-99B2-55AB565C81A2}.Ad-Hoc|ARM.Deploy.0 = Release|ARM
		{7EA690F7-3A10-42E7-99B2-55AB565C81A2}.Ad-Hoc|iPhone.ActiveCfg = Release|x86
		{7EA690F7-3A10-42E7-99B2-55AB565C81A2}.Ad-Hoc|iPhone.Build.0 = Release|x86
		{7EA690F7-3A10-42E7-99B2-55AB565C81A2}.Ad-Hoc|iPhone.Deploy.0 = Release|x86
		{7EA690F7-3A10-42E7-99B2-55AB565C81A2}.Ad-Hoc|iPhoneSimulator.ActiveCfg = Release|x86
		{7EA690F7-3A10-42E7-99B2-55AB565C81A2}.Ad-Hoc|iPhoneSimulator.Build.0 = Release|x86
		{7EA690F7-3A10-42E7-99B2-55AB565C81A2}.Ad-Hoc|iPhoneSimulator.Deploy.0 = Release|x86
		{7EA690F7-3A10-42E7-99B2-55AB565C81A2}.Ad-Hoc|x64.ActiveCfg = Release|x64
		{7EA690F7-3A10-42E7-99B2-55AB565C81A2}.Ad-Hoc|x64.Build.0 = Release|x64
		{7EA690F7-3A10-42E7-99B2-55AB565C81A2}.Ad-Hoc|x64.Deploy.0 = Release|x64
		{7EA690F7-3A10-42E7-99B2-55AB565C81A2}.Ad-Hoc|x86.ActiveCfg = Release|x86
		{7EA690F7-3A10-42E7-99B2-55AB565C81A2}.Ad-Hoc|x86.Build.0 = Release|x86
		{7EA690F7-3A10-42E7-99B2-55AB565C81A2}.Ad-Hoc|x86.Deploy.0 = Release|x86
		{7EA690F7-3A10-42E7-99B2-55AB565C81A2}.AppStore|Any CPU.ActiveCfg = Release|x86
		{7EA690F7-3A10-42E7-99B2-55AB565C81A2}.AppStore|Any CPU.Build.0 = Release|x86
		{7EA690F7-3A10-42E7-99B2-55AB565C81A2}.AppStore|Any CPU.Deploy.0 = Release|x86
		{7EA690F7-3A10-42E7-99B2-55AB565C81A2}.AppStore|ARM.ActiveCfg = Release|ARM
		{7EA690F7-3A10-42E7-99B2-55AB565C81A2}.AppStore|ARM.Build.0 = Release|ARM
		{7EA690F7-3A10-42E7-99B2-55AB565C81A2}.AppStore|ARM.Deploy.0 = Release|ARM
		{7EA690F7-3A10-42E7-99B2-55AB565C81A2}.AppStore|iPhone.ActiveCfg = Release|x86
		{7EA690F7-3A10-42E7-99B2-55AB565C81A2}.AppStore|iPhone.Build.0 = Release|x86
		{7EA690F7-3A10-42E7-99B2-55AB565C81A2}.AppStore|iPhone.Deploy.0 = Release|x86
		{7EA690F7-3A10-42E7-99B2-55AB565C81A2}.AppStore|iPhoneSimulator.ActiveCfg = Release|x86
		{7EA690F7-3A10-42E7-99B2-55AB565C81A2}.AppStore|iPhoneSimulator.Build.0 = Release|x86
		{7EA690F7-3A10-42E7-99B2-55AB565C81A2}.AppStore|iPhoneSimulator.Deploy.0 = Release|x86
		{7EA690F7-3A10-42E7-99B2-55AB565C81A2}.AppStore|x64.ActiveCfg = Release|x64
		{7EA690F7-3A10-42E7-99B2-55AB565C81A2}.AppStore|x64.Build.0 = Release|x64
		{7EA690F7-3A10-42E7-99B2-55AB565C81A2}.AppStore|x64.Deploy.0 = Release|x64
		{7EA690F7-3A10-42E7-99B2-55AB565C81A2}.AppStore|x86.ActiveCfg = Release|x86
		{7EA690F7-3A10-42E7-99B2-55AB565C81A2}.AppStore|x86.Build.0 = Release|x86
		{7EA690F7-3A10-42E7-99B2-55AB565C81A2}.AppStore|x86.Deploy.0 = Release|x86
		{7EA690F7-3A10-42E7-99B2-55AB565C81A2}.Debug|Any CPU.ActiveCfg = Debug|x86
		{7EA690F7-3A10-42E7-99B2-55AB565C81A2}.Debug|Any CPU.Deploy.0 = Debug|x86
		{7EA690F7-3A10-42E7-99B2-55AB565C81A2}.Debug|ARM.ActiveCfg = Debug|ARM
		{7EA690F7-3A10-42E7-99B2-55AB565C81A2}.Debug|ARM.Build.0 = Debug|ARM
		{7EA690F7-3A10-42E7-99B2-55AB565C81A2}.Debug|ARM.Deploy.0 = Debug|ARM
		{7EA690F7-3A10-42E7-99B2-55AB565C81A2}.Debug|iPhone.ActiveCfg = Debug|x86
		{7EA690F7-3A10-42E7-99B2-55AB565C81A2}.Debug|iPhoneSimulator.ActiveCfg = Debug|x86
		{7EA690F7-3A10-42E7-99B2-55AB565C81A2}.Debug|x64.ActiveCfg = Debug|x64
		{7EA690F7-3A10-42E7-99B2-55AB565C81A2}.Debug|x64.Build.0 = Debug|x64
		{7EA690F7-3A10-42E7-99B2-55AB565C81A2}.Debug|x64.Deploy.0 = Debug|x64
		{7EA690F7-3A10-42E7-99B2-55AB565C81A2}.Debug|x86.ActiveCfg = Debug|x86
		{7EA690F7-3A10-42E7-99B2-55AB565C81A2}.Debug|x86.Build.0 = Debug|x86
		{7EA690F7-3A10-42E7-99B2-55AB565C81A2}.Debug|x86.Deploy.0 = Debug|x86
		{7EA690F7-3A10-42E7-99B2-55AB565C81A2}.Release|Any CPU.ActiveCfg = Release|x86
		{7EA690F7-3A10-42E7-99B2-55AB565C81A2}.Release|ARM.ActiveCfg = Release|ARM
		{7EA690F7-3A10-42E7-99B2-55AB565C81A2}.Release|ARM.Build.0 = Release|ARM
		{7EA690F7-3A10-42E7-99B2-55AB565C81A2}.Release|ARM.Deploy.0 = Release|ARM
		{7EA690F7-3A10-42E7-99B2-55AB565C81A2}.Release|iPhone.ActiveCfg = Release|x86
		{7EA690F7-3A10-42E7-99B2-55AB565C81A2}.Release|iPhoneSimulator.ActiveCfg = Release|x86
		{7EA690F7-3A10-42E7-99B2-55AB565C81A2}.Release|x64.ActiveCfg = Release|x64
		{7EA690F7-3A10-42E7-99B2-55AB565C81A2}.Release|x64.Build.0 = Release|x64
		{7EA690F7-3A10-42E7-99B2-55AB565C81A2}.Release|x64.Deploy.0 = Release|x64
		{7EA690F7-3A10-42E7-99B2-55AB565C81A2}.Release|x86.ActiveCfg = Release|x86
		{7EA690F7-3A10-42E7-99B2-55AB565C81A2}.Release|x86.Build.0 = Release|x86
		{7EA690F7-3A10-42E7-99B2-55AB565C81A2}.Release|x86.Deploy.0 = Release|x86
		{A90E0A1A-052B-44F8-BC77-F0F5AB28D236}.Ad-Hoc|Any CPU.ActiveCfg = Ad-Hoc|iPhone
		{A90E0A1A-052B-44F8-BC77-F0F5AB28D236}.Ad-Hoc|ARM.ActiveCfg = Ad-Hoc|iPhone
		{A90E0A1A-052B-44F8-BC77-F0F5AB28D236}.Ad-Hoc|iPhone.ActiveCfg = Ad-Hoc|iPhone
		{A90E0A1A-052B-44F8-BC77-F0F5AB28D236}.Ad-Hoc|iPhone.Build.0 = Ad-Hoc|iPhone
		{A90E0A1A-052B-44F8-BC77-F0F5AB28D236}.Ad-Hoc|iPhoneSimulator.ActiveCfg = Ad-Hoc|iPhoneSimulator
		{A90E0A1A-052B-44F8-BC77-F0F5AB28D236}.Ad-Hoc|iPhoneSimulator.Build.0 = Ad-Hoc|iPhoneSimulator
		{A90E0A1A-052B-44F8-BC77-F0F5AB28D236}.Ad-Hoc|x64.ActiveCfg = Ad-Hoc|iPhone
		{A90E0A1A-052B-44F8-BC77-F0F5AB28D236}.Ad-Hoc|x86.ActiveCfg = Ad-Hoc|iPhone
		{A90E0A1A-052B-44F8-BC77-F0F5AB28D236}.AppStore|Any CPU.ActiveCfg = AppStore|iPhone
		{A90E0A1A-052B-44F8-BC77-F0F5AB28D236}.AppStore|ARM.ActiveCfg = AppStore|iPhone
		{A90E0A1A-052B-44F8-BC77-F0F5AB28D236}.AppStore|iPhone.ActiveCfg = AppStore|iPhone
		{A90E0A1A-052B-44F8-BC77-F0F5AB28D236}.AppStore|iPhone.Build.0 = AppStore|iPhone
		{A90E0A1A-052B-44F8-BC77-F0F5AB28D236}.AppStore|iPhoneSimulator.ActiveCfg = AppStore|iPhoneSimulator
		{A90E0A1A-052B-44F8-BC77-F0F5AB28D236}.AppStore|iPhoneSimulator.Build.0 = AppStore|iPhoneSimulator
		{A90E0A1A-052B-44F8-BC77-F0F5AB28D236}.AppStore|x64.ActiveCfg = AppStore|iPhone
		{A90E0A1A-052B-44F8-BC77-F0F5AB28D236}.AppStore|x86.ActiveCfg = AppStore|iPhone
		{A90E0A1A-052B-44F8-BC77-F0F5AB28D236}.Debug|Any CPU.ActiveCfg = Debug|iPhone
		{A90E0A1A-052B-44F8-BC77-F0F5AB28D236}.Debug|ARM.ActiveCfg = Debug|iPhone
		{A90E0A1A-052B-44F8-BC77-F0F5AB28D236}.Debug|iPhone.ActiveCfg = Debug|iPhone
		{A90E0A1A-052B-44F8-BC77-F0F5AB28D236}.Debug|iPhone.Build.0 = Debug|iPhone
		{A90E0A1A-052B-44F8-BC77-F0F5AB28D236}.Debug|iPhoneSimulator.ActiveCfg = Debug|iPhoneSimulator
		{A90E0A1A-052B-44F8-BC77-F0F5AB28D236}.Debug|iPhoneSimulator.Build.0 = Debug|iPhoneSimulator
		{A90E0A1A-052B-44F8-BC77-F0F5AB28D236}.Debug|x64.ActiveCfg = Debug|iPhone
		{A90E0A1A-052B-44F8-BC77-F0F5AB28D236}.Debug|x86.ActiveCfg = Debug|iPhone
		{A90E0A1A-052B-44F8-BC77-F0F5AB28D236}.Release|Any CPU.ActiveCfg = Release|iPhone
		{A90E0A1A-052B-44F8-BC77-F0F5AB28D236}.Release|ARM.ActiveCfg = Release|iPhone
		{A90E0A1A-052B-44F8-BC77-F0F5AB28D236}.Release|iPhone.ActiveCfg = Release|iPhone
		{A90E0A1A-052B-44F8-BC77-F0F5AB28D236}.Release|iPhone.Build.0 = Release|iPhone
		{A90E0A1A-052B-44F8-BC77-F0F5AB28D236}.Release|iPhoneSimulator.ActiveCfg = Release|iPhoneSimulator
		{A90E0A1A-052B-44F8-BC77-F0F5AB28D236}.Release|iPhoneSimulator.Build.0 = Release|iPhoneSimulator
		{A90E0A1A-052B-44F8-BC77-F0F5AB28D236}.Release|x64.ActiveCfg = Release|iPhone
		{A90E0A1A-052B-44F8-BC77-F0F5AB28D236}.Release|x86.ActiveCfg = Release|iPhone
	EndGlobalSection
	GlobalSection(SolutionProperties) = preSolution
		HideSolutionNode = FALSE
	EndGlobalSection
	GlobalSection(ExtensibilityGlobals) = postSolution
		SolutionGuid = {C98F7E2A-D58C-4317-8C4B-BBCF6CE4A83D}
	EndGlobalSection
EndGlobal
